{
  "version": 4,
  "terraform_version": "1.14.3",
  "serial": 98,
  "lineage": "75d0a5e6-207b-204e-3118-d02576dab5a5",
  "outputs": {},
  "resources": [
    {
      "module": "module.iam",
      "mode": "data",
      "type": "aws_iam_policy_document",
      "name": "breakglass_trust",
      "provider": "provider[\"registry.terraform.io/hashicorp/aws\"]",
      "instances": [
        {
          "schema_version": 0,
          "attributes": {
            "id": "864313103",
            "json": "{\n  \"Version\": \"2012-10-17\",\n  \"Statement\": [\n    {\n      \"Effect\": \"Allow\",\n      \"Action\": \"sts:AssumeRole\",\n      \"Principal\": {\n        \"AWS\": \"arn:aws:iam::107258763926:user/terraform-admin\"\n      }\n    }\n  ]\n}",
            "minified_json": "{\"Version\":\"2012-10-17\",\"Statement\":[{\"Effect\":\"Allow\",\"Action\":\"sts:AssumeRole\",\"Principal\":{\"AWS\":\"arn:aws:iam::107258763926:user/terraform-admin\"}}]}",
            "override_json": null,
            "override_policy_documents": null,
            "policy_id": null,
            "source_json": null,
            "source_policy_documents": null,
            "statement": [
              {
                "actions": [
                  "sts:AssumeRole"
                ],
                "condition": [],
                "effect": "Allow",
                "not_actions": [],
                "not_principals": [],
                "not_resources": [],
                "principals": [
                  {
                    "identifiers": [
                      "arn:aws:iam::107258763926:user/terraform-admin"
                    ],
                    "type": "AWS"
                  }
                ],
                "resources": [],
                "sid": ""
              }
            ],
            "version": "2012-10-17"
          },
          "sensitive_attributes": [],
          "identity_schema_version": 0
        }
      ]
    },
    {
      "module": "module.iam",
      "mode": "data",
      "type": "aws_iam_policy_document",
      "name": "guardrails",
      "provider": "provider[\"registry.terraform.io/hashicorp/aws\"]",
      "instances": [
        {
          "schema_version": 0,
          "attributes": {
            "id": "1983112722",
            "json": "{\n  \"Version\": \"2012-10-17\",\n  \"Statement\": [\n    {\n      \"Sid\": \"DenyDisableCloudTrail\",\n      \"Effect\": \"Deny\",\n      \"Action\": [\n        \"cloudtrail:StopLogging\",\n        \"cloudtrail:DeleteTrail\"\n      ],\n      \"Resource\": \"*\"\n    },\n    {\n      \"Sid\": \"DenyDisableConfig\",\n      \"Effect\": \"Deny\",\n      \"Action\": [\n        \"config:StopConfigurationRecorder\",\n        \"config:DeleteDeliveryChannel\",\n        \"config:DeleteConfigurationRecorder\"\n      ],\n      \"Resource\": \"*\"\n    },\n    {\n      \"Sid\": \"DenyLogBucketDeletion\",\n      \"Effect\": \"Deny\",\n      \"Action\": [\n        \"s3:PutBucketPolicy\",\n        \"s3:PutBucketAcl\",\n        \"s3:DeleteBucketPolicy\",\n        \"s3:DeleteBucket\"\n      ],\n      \"Resource\": \"*\"\n    },\n    {\n      \"Sid\": \"DenyOutsideSydney\",\n      \"Effect\": \"Deny\",\n      \"Action\": \"*\",\n      \"Resource\": \"*\",\n      \"Condition\": {\n        \"StringNotEquals\": {\n          \"aws:RequestedRegion\": \"ap-southeast-2\"\n        }\n      }\n    }\n  ]\n}",
            "minified_json": "{\"Version\":\"2012-10-17\",\"Statement\":[{\"Sid\":\"DenyDisableCloudTrail\",\"Effect\":\"Deny\",\"Action\":[\"cloudtrail:StopLogging\",\"cloudtrail:DeleteTrail\"],\"Resource\":\"*\"},{\"Sid\":\"DenyDisableConfig\",\"Effect\":\"Deny\",\"Action\":[\"config:StopConfigurationRecorder\",\"config:DeleteDeliveryChannel\",\"config:DeleteConfigurationRecorder\"],\"Resource\":\"*\"},{\"Sid\":\"DenyLogBucketDeletion\",\"Effect\":\"Deny\",\"Action\":[\"s3:PutBucketPolicy\",\"s3:PutBucketAcl\",\"s3:DeleteBucketPolicy\",\"s3:DeleteBucket\"],\"Resource\":\"*\"},{\"Sid\":\"DenyOutsideSydney\",\"Effect\":\"Deny\",\"Action\":\"*\",\"Resource\":\"*\",\"Condition\":{\"StringNotEquals\":{\"aws:RequestedRegion\":\"ap-southeast-2\"}}}]}",
            "override_json": null,
            "override_policy_documents": null,
            "policy_id": null,
            "source_json": null,
            "source_policy_documents": null,
            "statement": [
              {
                "actions": [
                  "cloudtrail:DeleteTrail",
                  "cloudtrail:StopLogging"
                ],
                "condition": [],
                "effect": "Deny",
                "not_actions": [],
                "not_principals": [],
                "not_resources": [],
                "principals": [],
                "resources": [
                  "*"
                ],
                "sid": "DenyDisableCloudTrail"
              },
              {
                "actions": [
                  "config:DeleteConfigurationRecorder",
                  "config:DeleteDeliveryChannel",
                  "config:StopConfigurationRecorder"
                ],
                "condition": [],
                "effect": "Deny",
                "not_actions": [],
                "not_principals": [],
                "not_resources": [],
                "principals": [],
                "resources": [
                  "*"
                ],
                "sid": "DenyDisableConfig"
              },
              {
                "actions": [
                  "s3:DeleteBucket",
                  "s3:DeleteBucketPolicy",
                  "s3:PutBucketAcl",
                  "s3:PutBucketPolicy"
                ],
                "condition": [],
                "effect": "Deny",
                "not_actions": [],
                "not_principals": [],
                "not_resources": [],
                "principals": [],
                "resources": [
                  "*"
                ],
                "sid": "DenyLogBucketDeletion"
              },
              {
                "actions": [
                  "*"
                ],
                "condition": [
                  {
                    "test": "StringNotEquals",
                    "values": [
                      "ap-southeast-2"
                    ],
                    "variable": "aws:RequestedRegion"
                  }
                ],
                "effect": "Deny",
                "not_actions": [],
                "not_principals": [],
                "not_resources": [],
                "principals": [],
                "resources": [
                  "*"
                ],
                "sid": "DenyOutsideSydney"
              }
            ],
            "version": "2012-10-17"
          },
          "sensitive_attributes": [],
          "identity_schema_version": 0
        }
      ]
    },
    {
      "module": "module.iam",
      "mode": "managed",
      "type": "aws_iam_policy",
      "name": "guardrails",
      "provider": "provider[\"registry.terraform.io/hashicorp/aws\"]",
      "instances": [
        {
          "schema_version": 0,
          "attributes": {
            "arn": "arn:aws:iam::107258763926:policy/VaultAWS-Guardrails",
            "attachment_count": 1,
            "delay_after_policy_creation_in_ms": null,
            "description": "",
            "id": "arn:aws:iam::107258763926:policy/VaultAWS-Guardrails",
            "name": "VaultAWS-Guardrails",
            "name_prefix": "",
            "path": "/",
            "policy": "{\"Statement\":[{\"Action\":[\"cloudtrail:StopLogging\",\"cloudtrail:DeleteTrail\"],\"Effect\":\"Deny\",\"Resource\":\"*\",\"Sid\":\"DenyDisableCloudTrail\"},{\"Action\":[\"config:StopConfigurationRecorder\",\"config:DeleteDeliveryChannel\",\"config:DeleteConfigurationRecorder\"],\"Effect\":\"Deny\",\"Resource\":\"*\",\"Sid\":\"DenyDisableConfig\"},{\"Action\":[\"s3:PutBucketPolicy\",\"s3:PutBucketAcl\",\"s3:DeleteBucketPolicy\",\"s3:DeleteBucket\"],\"Effect\":\"Deny\",\"Resource\":\"*\",\"Sid\":\"DenyLogBucketDeletion\"},{\"Action\":\"*\",\"Condition\":{\"StringNotEquals\":{\"aws:RequestedRegion\":\"ap-southeast-2\"}},\"Effect\":\"Deny\",\"Resource\":\"*\",\"Sid\":\"DenyOutsideSydney\"}],\"Version\":\"2012-10-17\"}",
            "policy_id": "ANPARR6I63KLIPUYQ7UXM",
            "tags": {},
            "tags_all": {}
          },
          "sensitive_attributes": [],
          "identity_schema_version": 0,
          "identity": {
            "arn": "arn:aws:iam::107258763926:policy/VaultAWS-Guardrails"
          },
          "private": "bnVsbA==",
          "dependencies": [
            "module.iam.data.aws_iam_policy_document.guardrails"
          ]
        }
      ]
    },
    {
      "module": "module.iam",
      "mode": "managed",
      "type": "aws_iam_policy",
      "name": "terraform_minimal",
      "provider": "provider[\"registry.terraform.io/hashicorp/aws\"]",
      "instances": [
        {
          "schema_version": 0,
          "attributes": {
            "arn": "arn:aws:iam::107258763926:policy/VaultAWS-TerraformPolicy",
            "attachment_count": 1,
            "delay_after_policy_creation_in_ms": null,
            "description": "",
            "id": "arn:aws:iam::107258763926:policy/VaultAWS-TerraformPolicy",
            "name": "VaultAWS-TerraformPolicy",
            "name_prefix": "",
            "path": "/",
            "policy": "{\"Statement\":[{\"Action\":\"*\",\"Effect\":\"Allow\",\"Resource\":\"*\"}],\"Version\":\"2012-10-17\"}",
            "policy_id": "ANPARR6I63KLPEPEL3MBH",
            "tags": {},
            "tags_all": {}
          },
          "sensitive_attributes": [],
          "identity_schema_version": 0,
          "identity": {
            "arn": "arn:aws:iam::107258763926:policy/VaultAWS-TerraformPolicy"
          },
          "private": "bnVsbA=="
        }
      ]
    },
    {
      "module": "module.iam",
      "mode": "managed",
      "type": "aws_iam_role",
      "name": "audit_readonly",
      "provider": "provider[\"registry.terraform.io/hashicorp/aws\"]",
      "instances": [
        {
          "schema_version": 0,
          "attributes": {
            "arn": "arn:aws:iam::107258763926:role/VaultAWS-AuditReadOnly",
            "assume_role_policy": "{\"Statement\":[{\"Action\":\"sts:AssumeRole\",\"Effect\":\"Allow\",\"Principal\":{\"AWS\":\"arn:aws:iam::107258763926:user/terraform-admin\"}}],\"Version\":\"2012-10-17\"}",
            "create_date": "2026-01-15T06:44:15Z",
            "description": "",
            "force_detach_policies": false,
            "id": "VaultAWS-AuditReadOnly",
            "inline_policy": [],
            "managed_policy_arns": [
              "arn:aws:iam::aws:policy/ReadOnlyAccess"
            ],
            "max_session_duration": 3600,
            "name": "VaultAWS-AuditReadOnly",
            "name_prefix": "",
            "path": "/",
            "permissions_boundary": "",
            "tags": {},
            "tags_all": {},
            "unique_id": "AROARR6I63KLAT3IWD3R3"
          },
          "sensitive_attributes": [],
          "identity_schema_version": 0,
          "identity": {
            "account_id": "107258763926",
            "name": "VaultAWS-AuditReadOnly"
          },
          "private": "bnVsbA=="
        }
      ]
    },
    {
      "module": "module.iam",
      "mode": "managed",
      "type": "aws_iam_role",
      "name": "breakglass_admin",
      "provider": "provider[\"registry.terraform.io/hashicorp/aws\"]",
      "instances": [
        {
          "schema_version": 0,
          "attributes": {
            "arn": "arn:aws:iam::107258763926:role/VaultAWS-BreakGlassAdmin",
            "assume_role_policy": "{\"Statement\":[{\"Action\":\"sts:AssumeRole\",\"Effect\":\"Allow\",\"Principal\":{\"AWS\":\"arn:aws:iam::107258763926:user/terraform-admin\"}}],\"Version\":\"2012-10-17\"}",
            "create_date": "2026-01-15T06:44:15Z",
            "description": "",
            "force_detach_policies": false,
            "id": "VaultAWS-BreakGlassAdmin",
            "inline_policy": [],
            "managed_policy_arns": [
              "arn:aws:iam::aws:policy/AdministratorAccess"
            ],
            "max_session_duration": 3600,
            "name": "VaultAWS-BreakGlassAdmin",
            "name_prefix": "",
            "path": "/",
            "permissions_boundary": "",
            "tags": {},
            "tags_all": {},
            "unique_id": "AROARR6I63KLDP4CGY6N4"
          },
          "sensitive_attributes": [],
          "identity_schema_version": 0,
          "identity": {
            "account_id": "107258763926",
            "name": "VaultAWS-BreakGlassAdmin"
          },
          "private": "bnVsbA==",
          "dependencies": [
            "module.iam.data.aws_iam_policy_document.breakglass_trust"
          ]
        }
      ]
    },
    {
      "module": "module.iam",
      "mode": "managed",
      "type": "aws_iam_role",
      "name": "terraform_deploy",
      "provider": "provider[\"registry.terraform.io/hashicorp/aws\"]",
      "instances": [
        {
          "schema_version": 0,
          "attributes": {
            "arn": "arn:aws:iam::107258763926:role/VaultAWS-TerraformDeploy",
            "assume_role_policy": "{\"Statement\":[{\"Action\":\"sts:AssumeRole\",\"Effect\":\"Allow\",\"Principal\":{\"AWS\":\"arn:aws:iam::107258763926:user/terraform-admin\"}}],\"Version\":\"2012-10-17\"}",
            "create_date": "2026-01-15T06:44:15Z",
            "description": "",
            "force_detach_policies": false,
            "id": "VaultAWS-TerraformDeploy",
            "inline_policy": [],
            "managed_policy_arns": [
              "arn:aws:iam::107258763926:policy/VaultAWS-Guardrails",
              "arn:aws:iam::107258763926:policy/VaultAWS-TerraformPolicy"
            ],
            "max_session_duration": 3600,
            "name": "VaultAWS-TerraformDeploy",
            "name_prefix": "",
            "path": "/",
            "permissions_boundary": "",
            "tags": {},
            "tags_all": {},
            "unique_id": "AROARR6I63KLFDWLSNJPZ"
          },
          "sensitive_attributes": [],
          "identity_schema_version": 0,
          "identity": {
            "account_id": "107258763926",
            "name": "VaultAWS-TerraformDeploy"
          },
          "private": "bnVsbA=="
        }
      ]
    },
    {
      "module": "module.iam",
      "mode": "managed",
      "type": "aws_iam_role_policy_attachment",
      "name": "audit_readonly_attach",
      "provider": "provider[\"registry.terraform.io/hashicorp/aws\"]",
      "instances": [
        {
          "schema_version": 0,
          "attributes": {
            "id": "VaultAWS-AuditReadOnly/arn:aws:iam::aws:policy/ReadOnlyAccess",
            "policy_arn": "arn:aws:iam::aws:policy/ReadOnlyAccess",
            "role": "VaultAWS-AuditReadOnly"
          },
          "sensitive_attributes": [],
          "identity_schema_version": 0,
          "identity": {
            "account_id": "107258763926",
            "policy_arn": "arn:aws:iam::aws:policy/ReadOnlyAccess",
            "role": "VaultAWS-AuditReadOnly"
          },
          "private": "bnVsbA==",
          "dependencies": [
            "module.iam.aws_iam_role.audit_readonly"
          ]
        }
      ]
    },
    {
      "module": "module.iam",
      "mode": "managed",
      "type": "aws_iam_role_policy_attachment",
      "name": "breakglass_admin_attach",
      "provider": "provider[\"registry.terraform.io/hashicorp/aws\"]",
      "instances": [
        {
          "schema_version": 0,
          "attributes": {
            "id": "VaultAWS-BreakGlassAdmin/arn:aws:iam::aws:policy/AdministratorAccess",
            "policy_arn": "arn:aws:iam::aws:policy/AdministratorAccess",
            "role": "VaultAWS-BreakGlassAdmin"
          },
          "sensitive_attributes": [],
          "identity_schema_version": 0,
          "identity": {
            "account_id": "107258763926",
            "policy_arn": "arn:aws:iam::aws:policy/AdministratorAccess",
            "role": "VaultAWS-BreakGlassAdmin"
          },
          "private": "bnVsbA==",
          "dependencies": [
            "module.iam.aws_iam_role.breakglass_admin",
            "module.iam.data.aws_iam_policy_document.breakglass_trust"
          ]
        }
      ]
    },
    {
      "module": "module.iam",
      "mode": "managed",
      "type": "aws_iam_role_policy_attachment",
      "name": "guardrails_attach",
      "provider": "provider[\"registry.terraform.io/hashicorp/aws\"]",
      "instances": [
        {
          "schema_version": 0,
          "attributes": {
            "id": "VaultAWS-TerraformDeploy/arn:aws:iam::107258763926:policy/VaultAWS-Guardrails",
            "policy_arn": "arn:aws:iam::107258763926:policy/VaultAWS-Guardrails",
            "role": "VaultAWS-TerraformDeploy"
          },
          "sensitive_attributes": [],
          "identity_schema_version": 0,
          "identity": {
            "account_id": "107258763926",
            "policy_arn": "arn:aws:iam::107258763926:policy/VaultAWS-Guardrails",
            "role": "VaultAWS-TerraformDeploy"
          },
          "private": "bnVsbA==",
          "dependencies": [
            "module.iam.aws_iam_policy.guardrails",
            "module.iam.aws_iam_role.terraform_deploy",
            "module.iam.data.aws_iam_policy_document.guardrails"
          ]
        }
      ]
    },
    {
      "module": "module.iam",
      "mode": "managed",
      "type": "aws_iam_role_policy_attachment",
      "name": "terraform_policy_attach",
      "provider": "provider[\"registry.terraform.io/hashicorp/aws\"]",
      "instances": [
        {
          "schema_version": 0,
          "attributes": {
            "id": "VaultAWS-TerraformDeploy/arn:aws:iam::107258763926:policy/VaultAWS-TerraformPolicy",
            "policy_arn": "arn:aws:iam::107258763926:policy/VaultAWS-TerraformPolicy",
            "role": "VaultAWS-TerraformDeploy"
          },
          "sensitive_attributes": [],
          "identity_schema_version": 0,
          "identity": {
            "account_id": "107258763926",
            "policy_arn": "arn:aws:iam::107258763926:policy/VaultAWS-TerraformPolicy",
            "role": "VaultAWS-TerraformDeploy"
          },
          "private": "bnVsbA==",
          "dependencies": [
            "module.iam.aws_iam_policy.terraform_minimal",
            "module.iam.aws_iam_role.terraform_deploy"
          ]
        }
      ]
    },
    {
      "module": "module.logging",
      "mode": "data",
      "type": "aws_caller_identity",
      "name": "current",
      "provider": "provider[\"registry.terraform.io/hashicorp/aws\"]",
      "instances": [
        {
          "schema_version": 0,
          "attributes": {
            "account_id": "107258763926",
            "arn": "arn:aws:iam::107258763926:user/terraform-admin",
            "id": "107258763926",
            "user_id": "AIDARR6I63KLIYKKOP5L2"
          },
          "sensitive_attributes": [],
          "identity_schema_version": 0
        }
      ]
    },
    {
      "module": "module.logging",
      "mode": "data",
      "type": "aws_iam_policy_document",
      "name": "cloudtrail_assume_role",
      "provider": "provider[\"registry.terraform.io/hashicorp/aws\"]",
      "instances": [
        {
          "schema_version": 0,
          "attributes": {
            "id": "1399789601",
            "json": "{\n  \"Version\": \"2012-10-17\",\n  \"Statement\": [\n    {\n      \"Effect\": \"Allow\",\n      \"Action\": \"sts:AssumeRole\",\n      \"Principal\": {\n        \"Service\": \"cloudtrail.amazonaws.com\"\n      }\n    }\n  ]\n}",
            "minified_json": "{\"Version\":\"2012-10-17\",\"Statement\":[{\"Effect\":\"Allow\",\"Action\":\"sts:AssumeRole\",\"Principal\":{\"Service\":\"cloudtrail.amazonaws.com\"}}]}",
            "override_json": null,
            "override_policy_documents": null,
            "policy_id": null,
            "source_json": null,
            "source_policy_documents": null,
            "statement": [
              {
                "actions": [
                  "sts:AssumeRole"
                ],
                "condition": [],
                "effect": "Allow",
                "not_actions": [],
                "not_principals": [],
                "not_resources": [],
                "principals": [
                  {
                    "identifiers": [
                      "cloudtrail.amazonaws.com"
                    ],
                    "type": "Service"
                  }
                ],
                "resources": [],
                "sid": ""
              }
            ],
            "version": "2012-10-17"
          },
          "sensitive_attributes": [],
          "identity_schema_version": 0
        }
      ]
    },
    {
      "module": "module.logging",
      "mode": "data",
      "type": "aws_iam_policy_document",
      "name": "cloudtrail_cw_policy",
      "provider": "provider[\"registry.terraform.io/hashicorp/aws\"]",
      "instances": [
        {
          "schema_version": 0,
          "attributes": {
            "id": "1917285651",
            "json": "{\n  \"Version\": \"2012-10-17\",\n  \"Statement\": [\n    {\n      \"Effect\": \"Allow\",\n      \"Action\": [\n        \"logs:PutLogEvents\",\n        \"logs:CreateLogStream\"\n      ],\n      \"Resource\": \"arn:aws:logs:ap-southeast-2:107258763926:log-group:/aws/cloudtrail/VaultAWS:*\"\n    }\n  ]\n}",
            "minified_json": "{\"Version\":\"2012-10-17\",\"Statement\":[{\"Effect\":\"Allow\",\"Action\":[\"logs:PutLogEvents\",\"logs:CreateLogStream\"],\"Resource\":\"arn:aws:logs:ap-southeast-2:107258763926:log-group:/aws/cloudtrail/VaultAWS:*\"}]}",
            "override_json": null,
            "override_policy_documents": null,
            "policy_id": null,
            "source_json": null,
            "source_policy_documents": null,
            "statement": [
              {
                "actions": [
                  "logs:CreateLogStream",
                  "logs:PutLogEvents"
                ],
                "condition": [],
                "effect": "Allow",
                "not_actions": [],
                "not_principals": [],
                "not_resources": [],
                "principals": [],
                "resources": [
                  "arn:aws:logs:ap-southeast-2:107258763926:log-group:/aws/cloudtrail/VaultAWS:*"
                ],
                "sid": ""
              }
            ],
            "version": "2012-10-17"
          },
          "sensitive_attributes": [],
          "identity_schema_version": 0
        }
      ]
    },
    {
      "module": "module.logging",
      "mode": "data",
      "type": "aws_iam_policy_document",
      "name": "logs_bucket_policy",
      "provider": "provider[\"registry.terraform.io/hashicorp/aws\"]",
      "instances": [
        {
          "schema_version": 0,
          "attributes": {
            "id": "3388264061",
            "json": "{\n  \"Version\": \"2012-10-17\",\n  \"Statement\": [\n    {\n      \"Sid\": \"AWSCloudTrailAclCheck\",\n      \"Effect\": \"Allow\",\n      \"Action\": \"s3:GetBucketAcl\",\n      \"Resource\": \"arn:aws:s3:::vaultaws-central-logs-107258763926\",\n      \"Principal\": {\n        \"Service\": \"cloudtrail.amazonaws.com\"\n      }\n    },\n    {\n      \"Sid\": \"AWSCloudTrailWrite\",\n      \"Effect\": \"Allow\",\n      \"Action\": \"s3:PutObject\",\n      \"Resource\": \"arn:aws:s3:::vaultaws-central-logs-107258763926/AWSLogs/107258763926/*\",\n      \"Principal\": {\n        \"Service\": \"cloudtrail.amazonaws.com\"\n      },\n      \"Condition\": {\n        \"StringEquals\": {\n          \"s3:x-amz-acl\": \"bucket-owner-full-control\"\n        }\n      }\n    },\n    {\n      \"Sid\": \"AWSConfigAclCheck\",\n      \"Effect\": \"Allow\",\n      \"Action\": \"s3:GetBucketAcl\",\n      \"Resource\": \"arn:aws:s3:::vaultaws-central-logs-107258763926\",\n      \"Principal\": {\n        \"Service\": \"config.amazonaws.com\"\n      }\n    },\n    {\n      \"Sid\": \"AWSConfigWrite\",\n      \"Effect\": \"Allow\",\n      \"Action\": \"s3:PutObject\",\n      \"Resource\": \"arn:aws:s3:::vaultaws-central-logs-107258763926/AWSLogs/107258763926/*\",\n      \"Principal\": {\n        \"Service\": \"config.amazonaws.com\"\n      },\n      \"Condition\": {\n        \"StringEquals\": {\n          \"s3:x-amz-acl\": \"bucket-owner-full-control\"\n        }\n      }\n    }\n  ]\n}",
            "minified_json": "{\"Version\":\"2012-10-17\",\"Statement\":[{\"Sid\":\"AWSCloudTrailAclCheck\",\"Effect\":\"Allow\",\"Action\":\"s3:GetBucketAcl\",\"Resource\":\"arn:aws:s3:::vaultaws-central-logs-107258763926\",\"Principal\":{\"Service\":\"cloudtrail.amazonaws.com\"}},{\"Sid\":\"AWSCloudTrailWrite\",\"Effect\":\"Allow\",\"Action\":\"s3:PutObject\",\"Resource\":\"arn:aws:s3:::vaultaws-central-logs-107258763926/AWSLogs/107258763926/*\",\"Principal\":{\"Service\":\"cloudtrail.amazonaws.com\"},\"Condition\":{\"StringEquals\":{\"s3:x-amz-acl\":\"bucket-owner-full-control\"}}},{\"Sid\":\"AWSConfigAclCheck\",\"Effect\":\"Allow\",\"Action\":\"s3:GetBucketAcl\",\"Resource\":\"arn:aws:s3:::vaultaws-central-logs-107258763926\",\"Principal\":{\"Service\":\"config.amazonaws.com\"}},{\"Sid\":\"AWSConfigWrite\",\"Effect\":\"Allow\",\"Action\":\"s3:PutObject\",\"Resource\":\"arn:aws:s3:::vaultaws-central-logs-107258763926/AWSLogs/107258763926/*\",\"Principal\":{\"Service\":\"config.amazonaws.com\"},\"Condition\":{\"StringEquals\":{\"s3:x-amz-acl\":\"bucket-owner-full-control\"}}}]}",
            "override_json": null,
            "override_policy_documents": null,
            "policy_id": null,
            "source_json": null,
            "source_policy_documents": null,
            "statement": [
              {
                "actions": [
                  "s3:GetBucketAcl"
                ],
                "condition": [],
                "effect": "Allow",
                "not_actions": [],
                "not_principals": [],
                "not_resources": [],
                "principals": [
                  {
                    "identifiers": [
                      "cloudtrail.amazonaws.com"
                    ],
                    "type": "Service"
                  }
                ],
                "resources": [
                  "arn:aws:s3:::vaultaws-central-logs-107258763926"
                ],
                "sid": "AWSCloudTrailAclCheck"
              },
              {
                "actions": [
                  "s3:PutObject"
                ],
                "condition": [
                  {
                    "test": "StringEquals",
                    "values": [
                      "bucket-owner-full-control"
                    ],
                    "variable": "s3:x-amz-acl"
                  }
                ],
                "effect": "Allow",
                "not_actions": [],
                "not_principals": [],
                "not_resources": [],
                "principals": [
                  {
                    "identifiers": [
                      "cloudtrail.amazonaws.com"
                    ],
                    "type": "Service"
                  }
                ],
                "resources": [
                  "arn:aws:s3:::vaultaws-central-logs-107258763926/AWSLogs/107258763926/*"
                ],
                "sid": "AWSCloudTrailWrite"
              },
              {
                "actions": [
                  "s3:GetBucketAcl"
                ],
                "condition": [],
                "effect": "Allow",
                "not_actions": [],
                "not_principals": [],
                "not_resources": [],
                "principals": [
                  {
                    "identifiers": [
                      "config.amazonaws.com"
                    ],
                    "type": "Service"
                  }
                ],
                "resources": [
                  "arn:aws:s3:::vaultaws-central-logs-107258763926"
                ],
                "sid": "AWSConfigAclCheck"
              },
              {
                "actions": [
                  "s3:PutObject"
                ],
                "condition": [
                  {
                    "test": "StringEquals",
                    "values": [
                      "bucket-owner-full-control"
                    ],
                    "variable": "s3:x-amz-acl"
                  }
                ],
                "effect": "Allow",
                "not_actions": [],
                "not_principals": [],
                "not_resources": [],
                "principals": [
                  {
                    "identifiers": [
                      "config.amazonaws.com"
                    ],
                    "type": "Service"
                  }
                ],
                "resources": [
                  "arn:aws:s3:::vaultaws-central-logs-107258763926/AWSLogs/107258763926/*"
                ],
                "sid": "AWSConfigWrite"
              }
            ],
            "version": "2012-10-17"
          },
          "sensitive_attributes": [],
          "identity_schema_version": 0
        }
      ]
    },
    {
      "module": "module.logging",
      "mode": "data",
      "type": "aws_region",
      "name": "current",
      "provider": "provider[\"registry.terraform.io/hashicorp/aws\"]",
      "instances": [
        {
          "schema_version": 0,
          "attributes": {
            "description": "Asia Pacific (Sydney)",
            "endpoint": "ec2.ap-southeast-2.amazonaws.com",
            "id": "ap-southeast-2",
            "name": "ap-southeast-2",
            "region": "ap-southeast-2"
          },
          "sensitive_attributes": [],
          "identity_schema_version": 0
        }
      ]
    },
    {
      "module": "module.logging",
      "mode": "managed",
      "type": "aws_cloudtrail",
      "name": "trail",
      "provider": "provider[\"registry.terraform.io/hashicorp/aws\"]",
      "instances": [
        {
          "schema_version": 1,
          "attributes": {
            "advanced_event_selector": [],
            "arn": "arn:aws:cloudtrail:ap-southeast-2:107258763926:trail/VaultAWS-trail",
            "cloud_watch_logs_group_arn": "arn:aws:logs:ap-southeast-2:107258763926:log-group:/aws/cloudtrail/VaultAWS:*",
            "cloud_watch_logs_role_arn": "arn:aws:iam::107258763926:role/VaultAWS-CloudTrailToCloudWatch",
            "enable_log_file_validation": true,
            "enable_logging": true,
            "event_selector": [
              {
                "data_resource": [],
                "exclude_management_event_sources": [],
                "include_management_events": true,
                "read_write_type": "All"
              }
            ],
            "home_region": "ap-southeast-2",
            "id": "arn:aws:cloudtrail:ap-southeast-2:107258763926:trail/VaultAWS-trail",
            "include_global_service_events": true,
            "insight_selector": [],
            "is_multi_region_trail": true,
            "is_organization_trail": false,
            "kms_key_id": "",
            "name": "VaultAWS-trail",
            "region": "ap-southeast-2",
            "s3_bucket_name": "vaultaws-central-logs-107258763926",
            "s3_key_prefix": "",
            "sns_topic_arn": "",
            "sns_topic_name": "",
            "tags": {
              "Project": "VaultAWS"
            },
            "tags_all": {
              "Project": "VaultAWS"
            }
          },
          "sensitive_attributes": [],
          "identity_schema_version": 0,
          "identity": {
            "arn": "arn:aws:cloudtrail:ap-southeast-2:107258763926:trail/VaultAWS-trail"
          },
          "private": "eyJzY2hlbWFfdmVyc2lvbiI6IjEifQ==",
          "dependencies": [
            "module.logging.aws_cloudwatch_log_group.cloudtrail",
            "module.logging.aws_iam_role.cloudtrail_cw_role",
            "module.logging.aws_s3_bucket.logs",
            "module.logging.aws_s3_bucket_policy.logs",
            "module.logging.data.aws_caller_identity.current",
            "module.logging.data.aws_iam_policy_document.cloudtrail_assume_role",
            "module.logging.data.aws_iam_policy_document.logs_bucket_policy"
          ]
        }
      ]
    },
    {
      "module": "module.logging",
      "mode": "managed",
      "type": "aws_cloudwatch_dashboard",
      "name": "soc",
      "provider": "provider[\"registry.terraform.io/hashicorp/aws\"]",
      "instances": [
        {
          "schema_version": 0,
          "attributes": {
            "dashboard_arn": "arn:aws:cloudwatch::107258763926:dashboard/VaultAWS-SOC-Dashboard",
            "dashboard_body": "{\"widgets\":[{\"height\":6,\"properties\":{\"metrics\":[[\"VaultAWS\",\"RootActivityCount\"]],\"period\":300,\"region\":\"ap-southeast-2\",\"stat\":\"Sum\",\"title\":\"Root Account Activity\"},\"type\":\"metric\",\"width\":12,\"x\":0,\"y\":0},{\"height\":6,\"properties\":{\"metrics\":[[\"VaultAWS\",\"ConsoleLoginFailureCount\"]],\"period\":300,\"region\":\"ap-southeast-2\",\"stat\":\"Sum\",\"title\":\"Console Login Failures\"},\"type\":\"metric\",\"width\":12,\"x\":12,\"y\":0},{\"height\":6,\"properties\":{\"metrics\":[[\"VaultAWS\",\"IamPolicyChangesCount\"]],\"period\":300,\"region\":\"ap-southeast-2\",\"stat\":\"Sum\",\"title\":\"IAM Policy Changes\"},\"type\":\"metric\",\"width\":12,\"x\":0,\"y\":6},{\"height\":6,\"properties\":{\"metrics\":[[\"VaultAWS\",\"AccessKeyCreatedCount\"]],\"period\":300,\"region\":\"ap-southeast-2\",\"stat\":\"Sum\",\"title\":\"Access Keys Created\"},\"type\":\"metric\",\"width\":12,\"x\":12,\"y\":6},{\"height\":6,\"properties\":{\"metrics\":[[\"VaultAWS\",\"SecurityGroupOpenWorldCount\"]],\"period\":300,\"region\":\"ap-southeast-2\",\"stat\":\"Sum\",\"title\":\"Security Group Open to World\"},\"type\":\"metric\",\"width\":12,\"x\":0,\"y\":12},{\"height\":6,\"properties\":{\"metrics\":[[\"VaultAWS\",\"CloudTrailChangesCount\"],[\"VaultAWS\",\"ConfigChangesCount\"]],\"period\":300,\"region\":\"ap-southeast-2\",\"stat\":\"Sum\",\"title\":\"CloudTrail / Config Changes\"},\"type\":\"metric\",\"width\":12,\"x\":12,\"y\":12}]}",
            "dashboard_name": "VaultAWS-SOC-Dashboard",
            "id": "VaultAWS-SOC-Dashboard",
            "region": "ap-southeast-2"
          },
          "sensitive_attributes": [],
          "identity_schema_version": 0,
          "private": "bnVsbA=="
        }
      ]
    },
    {
      "module": "module.logging",
      "mode": "managed",
      "type": "aws_cloudwatch_log_group",
      "name": "cloudtrail",
      "provider": "provider[\"registry.terraform.io/hashicorp/aws\"]",
      "instances": [
        {
          "schema_version": 0,
          "attributes": {
            "arn": "arn:aws:logs:ap-southeast-2:107258763926:log-group:/aws/cloudtrail/VaultAWS",
            "deletion_protection_enabled": false,
            "id": "/aws/cloudtrail/VaultAWS",
            "kms_key_id": "",
            "log_group_class": "STANDARD",
            "name": "/aws/cloudtrail/VaultAWS",
            "name_prefix": "",
            "region": "ap-southeast-2",
            "retention_in_days": 30,
            "skip_destroy": false,
            "tags": {
              "Project": "VaultAWS"
            },
            "tags_all": {
              "Project": "VaultAWS"
            }
          },
          "sensitive_attributes": [],
          "identity_schema_version": 0,
          "identity": {
            "account_id": "107258763926",
            "name": "/aws/cloudtrail/VaultAWS",
            "region": "ap-southeast-2"
          },
          "private": "bnVsbA=="
        }
      ]
    },
    {
      "module": "module.logging",
      "mode": "managed",
      "type": "aws_cloudwatch_log_metric_filter",
      "name": "access_key_created",
      "provider": "provider[\"registry.terraform.io/hashicorp/aws\"]",
      "instances": [
        {
          "schema_version": 0,
          "attributes": {
            "apply_on_transformed_logs": false,
            "id": "VaultAWS-AccessKeyCreated",
            "log_group_name": "/aws/cloudtrail/VaultAWS",
            "metric_transformation": [
              {
                "default_value": "",
                "dimensions": {},
                "name": "AccessKeyCreatedCount",
                "namespace": "VaultAWS",
                "unit": "None",
                "value": "1"
              }
            ],
            "name": "VaultAWS-AccessKeyCreated",
            "pattern": "{ ($.eventSource = \"iam.amazonaws.com\") \u0026\u0026 ($.eventName = \"CreateAccessKey\") }",
            "region": "ap-southeast-2"
          },
          "sensitive_attributes": [],
          "identity_schema_version": 0,
          "private": "bnVsbA==",
          "dependencies": [
            "module.logging.aws_cloudwatch_log_group.cloudtrail"
          ]
        }
      ]
    },
    {
      "module": "module.logging",
      "mode": "managed",
      "type": "aws_cloudwatch_log_metric_filter",
      "name": "cloudtrail_changes",
      "provider": "provider[\"registry.terraform.io/hashicorp/aws\"]",
      "instances": [
        {
          "schema_version": 0,
          "attributes": {
            "apply_on_transformed_logs": false,
            "id": "VaultAWS-CloudTrailChanges",
            "log_group_name": "/aws/cloudtrail/VaultAWS",
            "metric_transformation": [
              {
                "default_value": "",
                "dimensions": {},
                "name": "CloudTrailChangesCount",
                "namespace": "VaultAWS",
                "unit": "None",
                "value": "1"
              }
            ],
            "name": "VaultAWS-CloudTrailChanges",
            "pattern": "{ ($.eventSource = \"cloudtrail.amazonaws.com\") \u0026\u0026 (($.eventName = \"StopLogging\") || ($.eventName = \"DeleteTrail\") || ($.eventName = \"UpdateTrail\")) }",
            "region": "ap-southeast-2"
          },
          "sensitive_attributes": [],
          "identity_schema_version": 0,
          "private": "bnVsbA==",
          "dependencies": [
            "module.logging.aws_cloudwatch_log_group.cloudtrail"
          ]
        }
      ]
    },
    {
      "module": "module.logging",
      "mode": "managed",
      "type": "aws_cloudwatch_log_metric_filter",
      "name": "config_changes",
      "provider": "provider[\"registry.terraform.io/hashicorp/aws\"]",
      "instances": [
        {
          "schema_version": 0,
          "attributes": {
            "apply_on_transformed_logs": false,
            "id": "VaultAWS-ConfigChanges",
            "log_group_name": "/aws/cloudtrail/VaultAWS",
            "metric_transformation": [
              {
                "default_value": "",
                "dimensions": {},
                "name": "ConfigChangesCount",
                "namespace": "VaultAWS",
                "unit": "None",
                "value": "1"
              }
            ],
            "name": "VaultAWS-ConfigChanges",
            "pattern": "{ ($.eventSource = \"config.amazonaws.com\") \u0026\u0026 (($.eventName = \"StopConfigurationRecorder\") || ($.eventName = \"DeleteConfigurationRecorder\") || ($.eventName = \"DeleteDeliveryChannel\") || ($.eventName = \"PutDeliveryChannel\") || ($.eventName = \"PutConfigurationRecorder\")) }",
            "region": "ap-southeast-2"
          },
          "sensitive_attributes": [],
          "identity_schema_version": 0,
          "private": "bnVsbA==",
          "dependencies": [
            "module.logging.aws_cloudwatch_log_group.cloudtrail"
          ]
        }
      ]
    },
    {
      "module": "module.logging",
      "mode": "managed",
      "type": "aws_cloudwatch_log_metric_filter",
      "name": "console_login_failure",
      "provider": "provider[\"registry.terraform.io/hashicorp/aws\"]",
      "instances": [
        {
          "schema_version": 0,
          "attributes": {
            "apply_on_transformed_logs": false,
            "id": "VaultAWS-ConsoleLoginFailure",
            "log_group_name": "/aws/cloudtrail/VaultAWS",
            "metric_transformation": [
              {
                "default_value": "",
                "dimensions": {},
                "name": "ConsoleLoginFailureCount",
                "namespace": "VaultAWS",
                "unit": "None",
                "value": "1"
              }
            ],
            "name": "VaultAWS-ConsoleLoginFailure",
            "pattern": "{ ($.eventName = \"ConsoleLogin\") \u0026\u0026 ($.errorMessage = \"Failed authentication\") }",
            "region": "ap-southeast-2"
          },
          "sensitive_attributes": [],
          "identity_schema_version": 0,
          "private": "bnVsbA==",
          "dependencies": [
            "module.logging.aws_cloudwatch_log_group.cloudtrail"
          ]
        }
      ]
    },
    {
      "module": "module.logging",
      "mode": "managed",
      "type": "aws_cloudwatch_log_metric_filter",
      "name": "iam_policy_changes",
      "provider": "provider[\"registry.terraform.io/hashicorp/aws\"]",
      "instances": [
        {
          "schema_version": 0,
          "attributes": {
            "apply_on_transformed_logs": false,
            "id": "VaultAWS-IamPolicyChanges",
            "log_group_name": "/aws/cloudtrail/VaultAWS",
            "metric_transformation": [
              {
                "default_value": "",
                "dimensions": {},
                "name": "IamPolicyChangesCount",
                "namespace": "VaultAWS",
                "unit": "None",
                "value": "1"
              }
            ],
            "name": "VaultAWS-IamPolicyChanges",
            "pattern": "{ ($.eventSource = \"iam.amazonaws.com\") \u0026\u0026 (($.eventName = \"PutUserPolicy\") || ($.eventName = \"PutRolePolicy\") || ($.eventName = \"AttachUserPolicy\") || ($.eventName = \"AttachRolePolicy\") || ($.eventName = \"CreatePolicy\") || ($.eventName = \"CreatePolicyVersion\") || ($.eventName = \"SetDefaultPolicyVersion\")) }",
            "region": "ap-southeast-2"
          },
          "sensitive_attributes": [],
          "identity_schema_version": 0,
          "private": "bnVsbA==",
          "dependencies": [
            "module.logging.aws_cloudwatch_log_group.cloudtrail"
          ]
        }
      ]
    },
    {
      "module": "module.logging",
      "mode": "managed",
      "type": "aws_cloudwatch_log_metric_filter",
      "name": "root_activity",
      "provider": "provider[\"registry.terraform.io/hashicorp/aws\"]",
      "instances": [
        {
          "schema_version": 0,
          "attributes": {
            "apply_on_transformed_logs": false,
            "id": "VaultAWS-RootActivity",
            "log_group_name": "/aws/cloudtrail/VaultAWS",
            "metric_transformation": [
              {
                "default_value": "",
                "dimensions": {},
                "name": "RootActivityCount",
                "namespace": "VaultAWS",
                "unit": "None",
                "value": "1"
              }
            ],
            "name": "VaultAWS-RootActivity",
            "pattern": "{ ($.userIdentity.type = \"Root\") \u0026\u0026 ($.eventType != \"AwsServiceEvent\") }",
            "region": "ap-southeast-2"
          },
          "sensitive_attributes": [],
          "identity_schema_version": 0,
          "private": "bnVsbA==",
          "dependencies": [
            "module.logging.aws_cloudwatch_log_group.cloudtrail"
          ]
        }
      ]
    },
    {
      "module": "module.logging",
      "mode": "managed",
      "type": "aws_cloudwatch_log_metric_filter",
      "name": "security_group_open_world",
      "provider": "provider[\"registry.terraform.io/hashicorp/aws\"]",
      "instances": [
        {
          "schema_version": 0,
          "attributes": {
            "apply_on_transformed_logs": false,
            "id": "VaultAWS-SecurityGroupOpenWorld",
            "log_group_name": "/aws/cloudtrail/VaultAWS",
            "metric_transformation": [
              {
                "default_value": "",
                "dimensions": {},
                "name": "SecurityGroupOpenWorldCount",
                "namespace": "VaultAWS",
                "unit": "None",
                "value": "1"
              }
            ],
            "name": "VaultAWS-SecurityGroupOpenWorld",
            "pattern": "{ ($.eventSource = \"ec2.amazonaws.com\") \u0026\u0026 (($.eventName = \"AuthorizeSecurityGroupIngress\") || ($.eventName = \"AuthorizeSecurityGroupEgress\")) \u0026\u0026 ($.requestParameters.ipPermissions.items[0].ipRanges.items[0].cidrIp = \"0.0.0.0/0\") }",
            "region": "ap-southeast-2"
          },
          "sensitive_attributes": [],
          "identity_schema_version": 0,
          "private": "bnVsbA==",
          "dependencies": [
            "module.logging.aws_cloudwatch_log_group.cloudtrail"
          ]
        }
      ]
    },
    {
      "module": "module.logging",
      "mode": "managed",
      "type": "aws_cloudwatch_metric_alarm",
      "name": "access_key_created_alarm",
      "provider": "provider[\"registry.terraform.io/hashicorp/aws\"]",
      "instances": [
        {
          "schema_version": 1,
          "attributes": {
            "actions_enabled": true,
            "alarm_actions": [
              "arn:aws:sns:ap-southeast-2:107258763926:VaultAWS-security-alerts"
            ],
            "alarm_description": "",
            "alarm_name": "VaultAWS-AccessKeyCreatedAlarm",
            "arn": "arn:aws:cloudwatch:ap-southeast-2:107258763926:alarm:VaultAWS-AccessKeyCreatedAlarm",
            "comparison_operator": "GreaterThanOrEqualToThreshold",
            "datapoints_to_alarm": 0,
            "dimensions": {},
            "evaluate_low_sample_count_percentiles": "",
            "evaluation_periods": 1,
            "extended_statistic": "",
            "id": "VaultAWS-AccessKeyCreatedAlarm",
            "insufficient_data_actions": [],
            "metric_name": "AccessKeyCreatedCount",
            "metric_query": [],
            "namespace": "VaultAWS",
            "ok_actions": [],
            "period": 300,
            "region": "ap-southeast-2",
            "statistic": "Sum",
            "tags": {},
            "tags_all": {},
            "threshold": 1,
            "threshold_metric_id": "",
            "treat_missing_data": "missing",
            "unit": ""
          },
          "sensitive_attributes": [],
          "identity_schema_version": 0,
          "identity": {
            "account_id": "107258763926",
            "alarm_name": "VaultAWS-AccessKeyCreatedAlarm",
            "region": "ap-southeast-2"
          },
          "private": "eyJzY2hlbWFfdmVyc2lvbiI6IjEifQ==",
          "dependencies": [
            "module.logging.aws_sns_topic.security_alerts"
          ]
        }
      ]
    },
    {
      "module": "module.logging",
      "mode": "managed",
      "type": "aws_cloudwatch_metric_alarm",
      "name": "cloudtrail_changes_alarm",
      "provider": "provider[\"registry.terraform.io/hashicorp/aws\"]",
      "instances": [
        {
          "schema_version": 1,
          "attributes": {
            "actions_enabled": true,
            "alarm_actions": [
              "arn:aws:sns:ap-southeast-2:107258763926:VaultAWS-security-alerts"
            ],
            "alarm_description": "",
            "alarm_name": "VaultAWS-CloudTrailChangesAlarm",
            "arn": "arn:aws:cloudwatch:ap-southeast-2:107258763926:alarm:VaultAWS-CloudTrailChangesAlarm",
            "comparison_operator": "GreaterThanOrEqualToThreshold",
            "datapoints_to_alarm": 0,
            "dimensions": {},
            "evaluate_low_sample_count_percentiles": "",
            "evaluation_periods": 1,
            "extended_statistic": "",
            "id": "VaultAWS-CloudTrailChangesAlarm",
            "insufficient_data_actions": [],
            "metric_name": "CloudTrailChangesCount",
            "metric_query": [],
            "namespace": "VaultAWS",
            "ok_actions": [],
            "period": 300,
            "region": "ap-southeast-2",
            "statistic": "Sum",
            "tags": {},
            "tags_all": {},
            "threshold": 1,
            "threshold_metric_id": "",
            "treat_missing_data": "missing",
            "unit": ""
          },
          "sensitive_attributes": [],
          "identity_schema_version": 0,
          "identity": {
            "account_id": "107258763926",
            "alarm_name": "VaultAWS-CloudTrailChangesAlarm",
            "region": "ap-southeast-2"
          },
          "private": "eyJzY2hlbWFfdmVyc2lvbiI6IjEifQ==",
          "dependencies": [
            "module.logging.aws_sns_topic.security_alerts"
          ]
        }
      ]
    },
    {
      "module": "module.logging",
      "mode": "managed",
      "type": "aws_cloudwatch_metric_alarm",
      "name": "config_changes_alarm",
      "provider": "provider[\"registry.terraform.io/hashicorp/aws\"]",
      "instances": [
        {
          "schema_version": 1,
          "attributes": {
            "actions_enabled": true,
            "alarm_actions": [
              "arn:aws:sns:ap-southeast-2:107258763926:VaultAWS-security-alerts"
            ],
            "alarm_description": "",
            "alarm_name": "VaultAWS-ConfigChangesAlarm",
            "arn": "arn:aws:cloudwatch:ap-southeast-2:107258763926:alarm:VaultAWS-ConfigChangesAlarm",
            "comparison_operator": "GreaterThanOrEqualToThreshold",
            "datapoints_to_alarm": 0,
            "dimensions": {},
            "evaluate_low_sample_count_percentiles": "",
            "evaluation_periods": 1,
            "extended_statistic": "",
            "id": "VaultAWS-ConfigChangesAlarm",
            "insufficient_data_actions": [],
            "metric_name": "ConfigChangesCount",
            "metric_query": [],
            "namespace": "VaultAWS",
            "ok_actions": [],
            "period": 300,
            "region": "ap-southeast-2",
            "statistic": "Sum",
            "tags": {},
            "tags_all": {},
            "threshold": 1,
            "threshold_metric_id": "",
            "treat_missing_data": "missing",
            "unit": ""
          },
          "sensitive_attributes": [],
          "identity_schema_version": 0,
          "identity": {
            "account_id": "107258763926",
            "alarm_name": "VaultAWS-ConfigChangesAlarm",
            "region": "ap-southeast-2"
          },
          "private": "eyJzY2hlbWFfdmVyc2lvbiI6IjEifQ==",
          "dependencies": [
            "module.logging.aws_sns_topic.security_alerts"
          ]
        }
      ]
    },
    {
      "module": "module.logging",
      "mode": "managed",
      "type": "aws_cloudwatch_metric_alarm",
      "name": "console_login_failure_alarm",
      "provider": "provider[\"registry.terraform.io/hashicorp/aws\"]",
      "instances": [
        {
          "schema_version": 1,
          "attributes": {
            "actions_enabled": true,
            "alarm_actions": [
              "arn:aws:sns:ap-southeast-2:107258763926:VaultAWS-security-alerts"
            ],
            "alarm_description": "",
            "alarm_name": "VaultAWS-ConsoleLoginFailureAlarm",
            "arn": "arn:aws:cloudwatch:ap-southeast-2:107258763926:alarm:VaultAWS-ConsoleLoginFailureAlarm",
            "comparison_operator": "GreaterThanOrEqualToThreshold",
            "datapoints_to_alarm": 0,
            "dimensions": {},
            "evaluate_low_sample_count_percentiles": "",
            "evaluation_periods": 1,
            "extended_statistic": "",
            "id": "VaultAWS-ConsoleLoginFailureAlarm",
            "insufficient_data_actions": [],
            "metric_name": "ConsoleLoginFailureCount",
            "metric_query": [],
            "namespace": "VaultAWS",
            "ok_actions": [],
            "period": 300,
            "region": "ap-southeast-2",
            "statistic": "Sum",
            "tags": {},
            "tags_all": {},
            "threshold": 3,
            "threshold_metric_id": "",
            "treat_missing_data": "missing",
            "unit": ""
          },
          "sensitive_attributes": [],
          "identity_schema_version": 0,
          "identity": {
            "account_id": "107258763926",
            "alarm_name": "VaultAWS-ConsoleLoginFailureAlarm",
            "region": "ap-southeast-2"
          },
          "private": "eyJzY2hlbWFfdmVyc2lvbiI6IjEifQ==",
          "dependencies": [
            "module.logging.aws_sns_topic.security_alerts"
          ]
        }
      ]
    },
    {
      "module": "module.logging",
      "mode": "managed",
      "type": "aws_cloudwatch_metric_alarm",
      "name": "iam_policy_changes_alarm",
      "provider": "provider[\"registry.terraform.io/hashicorp/aws\"]",
      "instances": [
        {
          "schema_version": 1,
          "attributes": {
            "actions_enabled": true,
            "alarm_actions": [
              "arn:aws:sns:ap-southeast-2:107258763926:VaultAWS-security-alerts"
            ],
            "alarm_description": "",
            "alarm_name": "VaultAWS-IamPolicyChangesAlarm",
            "arn": "arn:aws:cloudwatch:ap-southeast-2:107258763926:alarm:VaultAWS-IamPolicyChangesAlarm",
            "comparison_operator": "GreaterThanOrEqualToThreshold",
            "datapoints_to_alarm": 0,
            "dimensions": {},
            "evaluate_low_sample_count_percentiles": "",
            "evaluation_periods": 1,
            "extended_statistic": "",
            "id": "VaultAWS-IamPolicyChangesAlarm",
            "insufficient_data_actions": [],
            "metric_name": "IamPolicyChangesCount",
            "metric_query": [],
            "namespace": "VaultAWS",
            "ok_actions": [],
            "period": 300,
            "region": "ap-southeast-2",
            "statistic": "Sum",
            "tags": {},
            "tags_all": {},
            "threshold": 1,
            "threshold_metric_id": "",
            "treat_missing_data": "missing",
            "unit": ""
          },
          "sensitive_attributes": [],
          "identity_schema_version": 0,
          "identity": {
            "account_id": "107258763926",
            "alarm_name": "VaultAWS-IamPolicyChangesAlarm",
            "region": "ap-southeast-2"
          },
          "private": "eyJzY2hlbWFfdmVyc2lvbiI6IjEifQ==",
          "dependencies": [
            "module.logging.aws_sns_topic.security_alerts"
          ]
        }
      ]
    },
    {
      "module": "module.logging",
      "mode": "managed",
      "type": "aws_cloudwatch_metric_alarm",
      "name": "root_activity_alarm",
      "provider": "provider[\"registry.terraform.io/hashicorp/aws\"]",
      "instances": [
        {
          "schema_version": 1,
          "attributes": {
            "actions_enabled": true,
            "alarm_actions": [
              "arn:aws:sns:ap-southeast-2:107258763926:VaultAWS-security-alerts"
            ],
            "alarm_description": "",
            "alarm_name": "VaultAWS-RootActivityAlarm",
            "arn": "arn:aws:cloudwatch:ap-southeast-2:107258763926:alarm:VaultAWS-RootActivityAlarm",
            "comparison_operator": "GreaterThanOrEqualToThreshold",
            "datapoints_to_alarm": 0,
            "dimensions": {},
            "evaluate_low_sample_count_percentiles": "",
            "evaluation_periods": 1,
            "extended_statistic": "",
            "id": "VaultAWS-RootActivityAlarm",
            "insufficient_data_actions": [],
            "metric_name": "RootActivityCount",
            "metric_query": [],
            "namespace": "VaultAWS",
            "ok_actions": [],
            "period": 60,
            "region": "ap-southeast-2",
            "statistic": "Sum",
            "tags": {},
            "tags_all": {},
            "threshold": 1,
            "threshold_metric_id": "",
            "treat_missing_data": "missing",
            "unit": ""
          },
          "sensitive_attributes": [],
          "identity_schema_version": 0,
          "identity": {
            "account_id": "107258763926",
            "alarm_name": "VaultAWS-RootActivityAlarm",
            "region": "ap-southeast-2"
          },
          "private": "eyJzY2hlbWFfdmVyc2lvbiI6IjEifQ==",
          "dependencies": [
            "module.logging.aws_sns_topic.security_alerts"
          ]
        }
      ]
    },
    {
      "module": "module.logging",
      "mode": "managed",
      "type": "aws_cloudwatch_metric_alarm",
      "name": "security_group_open_world_alarm",
      "provider": "provider[\"registry.terraform.io/hashicorp/aws\"]",
      "instances": [
        {
          "schema_version": 1,
          "attributes": {
            "actions_enabled": true,
            "alarm_actions": [
              "arn:aws:sns:ap-southeast-2:107258763926:VaultAWS-security-alerts"
            ],
            "alarm_description": "",
            "alarm_name": "VaultAWS-SecurityGroupOpenWorldAlarm",
            "arn": "arn:aws:cloudwatch:ap-southeast-2:107258763926:alarm:VaultAWS-SecurityGroupOpenWorldAlarm",
            "comparison_operator": "GreaterThanOrEqualToThreshold",
            "datapoints_to_alarm": 0,
            "dimensions": {},
            "evaluate_low_sample_count_percentiles": "",
            "evaluation_periods": 1,
            "extended_statistic": "",
            "id": "VaultAWS-SecurityGroupOpenWorldAlarm",
            "insufficient_data_actions": [],
            "metric_name": "SecurityGroupOpenWorldCount",
            "metric_query": [],
            "namespace": "VaultAWS",
            "ok_actions": [],
            "period": 300,
            "region": "ap-southeast-2",
            "statistic": "Sum",
            "tags": {},
            "tags_all": {},
            "threshold": 1,
            "threshold_metric_id": "",
            "treat_missing_data": "missing",
            "unit": ""
          },
          "sensitive_attributes": [],
          "identity_schema_version": 0,
          "identity": {
            "account_id": "107258763926",
            "alarm_name": "VaultAWS-SecurityGroupOpenWorldAlarm",
            "region": "ap-southeast-2"
          },
          "private": "eyJzY2hlbWFfdmVyc2lvbiI6IjEifQ==",
          "dependencies": [
            "module.logging.aws_sns_topic.security_alerts"
          ]
        }
      ]
    },
    {
      "module": "module.logging",
      "mode": "managed",
      "type": "aws_config_configuration_recorder",
      "name": "recorder",
      "provider": "provider[\"registry.terraform.io/hashicorp/aws\"]",
      "instances": [
        {
          "schema_version": 0,
          "attributes": {
            "id": "VaultAWS-recorder",
            "name": "VaultAWS-recorder",
            "recording_group": [
              {
                "all_supported": true,
                "exclusion_by_resource_types": [
                  {
                    "resource_types": []
                  }
                ],
                "include_global_resource_types": true,
                "recording_strategy": [
                  {
                    "use_only": "ALL_SUPPORTED_RESOURCE_TYPES"
                  }
                ],
                "resource_types": []
              }
            ],
            "recording_mode": [
              {
                "recording_frequency": "CONTINUOUS",
                "recording_mode_override": []
              }
            ],
            "region": "ap-southeast-2",
            "role_arn": "arn:aws:iam::107258763926:role/VaultAWS-ConfigRole"
          },
          "sensitive_attributes": [],
          "identity_schema_version": 0,
          "private": "bnVsbA==",
          "dependencies": [
            "module.logging.aws_iam_role.config_role",
            "module.logging.aws_iam_role_policy_attachment.config_policy"
          ]
        }
      ]
    },
    {
      "module": "module.logging",
      "mode": "managed",
      "type": "aws_config_configuration_recorder_status",
      "name": "status",
      "provider": "provider[\"registry.terraform.io/hashicorp/aws\"]",
      "instances": [
        {
          "schema_version": 0,
          "attributes": {
            "id": "VaultAWS-recorder",
            "is_enabled": true,
            "name": "VaultAWS-recorder",
            "region": "ap-southeast-2"
          },
          "sensitive_attributes": [],
          "identity_schema_version": 0,
          "private": "bnVsbA==",
          "dependencies": [
            "module.logging.aws_config_configuration_recorder.recorder",
            "module.logging.aws_config_delivery_channel.channel",
            "module.logging.aws_iam_role.config_role",
            "module.logging.aws_iam_role_policy_attachment.config_policy",
            "module.logging.aws_s3_bucket.logs",
            "module.logging.data.aws_caller_identity.current"
          ]
        }
      ]
    },
    {
      "module": "module.logging",
      "mode": "managed",
      "type": "aws_config_delivery_channel",
      "name": "channel",
      "provider": "provider[\"registry.terraform.io/hashicorp/aws\"]",
      "instances": [
        {
          "schema_version": 0,
          "attributes": {
            "id": "VaultAWS-channel",
            "name": "VaultAWS-channel",
            "region": "ap-southeast-2",
            "s3_bucket_name": "vaultaws-central-logs-107258763926",
            "s3_key_prefix": "",
            "s3_kms_key_arn": "",
            "snapshot_delivery_properties": [],
            "sns_topic_arn": ""
          },
          "sensitive_attributes": [],
          "identity_schema_version": 0,
          "private": "bnVsbA==",
          "dependencies": [
            "module.logging.aws_config_configuration_recorder.recorder",
            "module.logging.aws_iam_role.config_role",
            "module.logging.aws_iam_role_policy_attachment.config_policy",
            "module.logging.aws_s3_bucket.logs",
            "module.logging.data.aws_caller_identity.current"
          ]
        }
      ]
    },
    {
      "module": "module.logging",
      "mode": "managed",
      "type": "aws_iam_role",
      "name": "cloudtrail_cw_role",
      "provider": "provider[\"registry.terraform.io/hashicorp/aws\"]",
      "instances": [
        {
          "schema_version": 0,
          "attributes": {
            "arn": "arn:aws:iam::107258763926:role/VaultAWS-CloudTrailToCloudWatch",
            "assume_role_policy": "{\"Statement\":[{\"Action\":\"sts:AssumeRole\",\"Effect\":\"Allow\",\"Principal\":{\"Service\":\"cloudtrail.amazonaws.com\"}}],\"Version\":\"2012-10-17\"}",
            "create_date": "2026-01-14T06:20:00Z",
            "description": "",
            "force_detach_policies": false,
            "id": "VaultAWS-CloudTrailToCloudWatch",
            "inline_policy": [
              {
                "name": "VaultAWS-CloudTrailToCloudWatchPolicy",
                "policy": "{\"Version\":\"2012-10-17\",\"Statement\":[{\"Action\":[\"logs:PutLogEvents\",\"logs:CreateLogStream\"],\"Effect\":\"Allow\",\"Resource\":\"arn:aws:logs:ap-southeast-2:107258763926:log-group:/aws/cloudtrail/VaultAWS:*\"}]}"
              }
            ],
            "managed_policy_arns": [],
            "max_session_duration": 3600,
            "name": "VaultAWS-CloudTrailToCloudWatch",
            "name_prefix": "",
            "path": "/",
            "permissions_boundary": "",
            "tags": {},
            "tags_all": {},
            "unique_id": "AROARR6I63KLCS66TG45R"
          },
          "sensitive_attributes": [],
          "identity_schema_version": 0,
          "identity": {
            "account_id": "107258763926",
            "name": "VaultAWS-CloudTrailToCloudWatch"
          },
          "private": "bnVsbA==",
          "dependencies": [
            "module.logging.data.aws_iam_policy_document.cloudtrail_assume_role"
          ]
        }
      ]
    },
    {
      "module": "module.logging",
      "mode": "managed",
      "type": "aws_iam_role",
      "name": "config_role",
      "provider": "provider[\"registry.terraform.io/hashicorp/aws\"]",
      "instances": [
        {
          "schema_version": 0,
          "attributes": {
            "arn": "arn:aws:iam::107258763926:role/VaultAWS-ConfigRole",
            "assume_role_policy": "{\"Statement\":[{\"Action\":\"sts:AssumeRole\",\"Effect\":\"Allow\",\"Principal\":{\"Service\":\"config.amazonaws.com\"}}],\"Version\":\"2012-10-17\"}",
            "create_date": "2026-01-14T04:18:29Z",
            "description": "",
            "force_detach_policies": false,
            "id": "VaultAWS-ConfigRole",
            "inline_policy": [],
            "managed_policy_arns": [
              "arn:aws:iam::aws:policy/service-role/AWS_ConfigRole"
            ],
            "max_session_duration": 3600,
            "name": "VaultAWS-ConfigRole",
            "name_prefix": "",
            "path": "/",
            "permissions_boundary": "",
            "tags": {},
            "tags_all": {},
            "unique_id": "AROARR6I63KLESTMS2GF2"
          },
          "sensitive_attributes": [],
          "identity_schema_version": 0,
          "identity": {
            "account_id": "107258763926",
            "name": "VaultAWS-ConfigRole"
          },
          "private": "bnVsbA=="
        }
      ]
    },
    {
      "module": "module.logging",
      "mode": "managed",
      "type": "aws_iam_role_policy",
      "name": "cloudtrail_cw_role_policy",
      "provider": "provider[\"registry.terraform.io/hashicorp/aws\"]",
      "instances": [
        {
          "schema_version": 0,
          "attributes": {
            "id": "VaultAWS-CloudTrailToCloudWatch:VaultAWS-CloudTrailToCloudWatchPolicy",
            "name": "VaultAWS-CloudTrailToCloudWatchPolicy",
            "name_prefix": "",
            "policy": "{\"Version\":\"2012-10-17\",\"Statement\":[{\"Action\":[\"logs:PutLogEvents\",\"logs:CreateLogStream\"],\"Effect\":\"Allow\",\"Resource\":\"arn:aws:logs:ap-southeast-2:107258763926:log-group:/aws/cloudtrail/VaultAWS:*\"}]}",
            "role": "VaultAWS-CloudTrailToCloudWatch"
          },
          "sensitive_attributes": [],
          "identity_schema_version": 0,
          "identity": {
            "account_id": "107258763926",
            "name": "VaultAWS-CloudTrailToCloudWatchPolicy",
            "role": "VaultAWS-CloudTrailToCloudWatch"
          },
          "private": "bnVsbA==",
          "dependencies": [
            "module.logging.aws_cloudwatch_log_group.cloudtrail",
            "module.logging.aws_iam_role.cloudtrail_cw_role",
            "module.logging.data.aws_iam_policy_document.cloudtrail_assume_role",
            "module.logging.data.aws_iam_policy_document.cloudtrail_cw_policy"
          ]
        }
      ]
    },
    {
      "module": "module.logging",
      "mode": "managed",
      "type": "aws_iam_role_policy_attachment",
      "name": "config_policy",
      "provider": "provider[\"registry.terraform.io/hashicorp/aws\"]",
      "instances": [
        {
          "schema_version": 0,
          "attributes": {
            "id": "VaultAWS-ConfigRole/arn:aws:iam::aws:policy/service-role/AWS_ConfigRole",
            "policy_arn": "arn:aws:iam::aws:policy/service-role/AWS_ConfigRole",
            "role": "VaultAWS-ConfigRole"
          },
          "sensitive_attributes": [],
          "identity_schema_version": 0,
          "identity": {
            "account_id": "107258763926",
            "policy_arn": "arn:aws:iam::aws:policy/service-role/AWS_ConfigRole",
            "role": "VaultAWS-ConfigRole"
          },
          "private": "bnVsbA==",
          "dependencies": [
            "module.logging.aws_iam_role.config_role"
          ]
        }
      ]
    },
    {
      "module": "module.logging",
      "mode": "managed",
      "type": "aws_s3_bucket",
      "name": "logs",
      "provider": "provider[\"registry.terraform.io/hashicorp/aws\"]",
      "instances": [
        {
          "schema_version": 0,
          "attributes": {
            "acceleration_status": "",
            "acl": null,
            "arn": "arn:aws:s3:::vaultaws-central-logs-107258763926",
            "bucket": "vaultaws-central-logs-107258763926",
            "bucket_domain_name": "vaultaws-central-logs-107258763926.s3.amazonaws.com",
            "bucket_prefix": "",
            "bucket_region": "ap-southeast-2",
            "bucket_regional_domain_name": "vaultaws-central-logs-107258763926.s3.ap-southeast-2.amazonaws.com",
            "cors_rule": [],
            "force_destroy": false,
            "grant": [
              {
                "id": "e19b907d051886880a2af206ce00899139278e5c027b3cb86bc1a0b21ea21bd9",
                "permissions": [
                  "FULL_CONTROL"
                ],
                "type": "CanonicalUser",
                "uri": ""
              }
            ],
            "hosted_zone_id": "Z1WCIGYICN2BYD",
            "id": "vaultaws-central-logs-107258763926",
            "lifecycle_rule": [],
            "logging": [],
            "object_lock_configuration": [],
            "object_lock_enabled": false,
            "policy": "{\"Statement\":[{\"Action\":\"s3:GetBucketAcl\",\"Effect\":\"Allow\",\"Principal\":{\"Service\":\"cloudtrail.amazonaws.com\"},\"Resource\":\"arn:aws:s3:::vaultaws-central-logs-107258763926\",\"Sid\":\"AWSCloudTrailAclCheck\"},{\"Action\":\"s3:PutObject\",\"Condition\":{\"StringEquals\":{\"s3:x-amz-acl\":\"bucket-owner-full-control\"}},\"Effect\":\"Allow\",\"Principal\":{\"Service\":\"cloudtrail.amazonaws.com\"},\"Resource\":\"arn:aws:s3:::vaultaws-central-logs-107258763926/AWSLogs/107258763926/*\",\"Sid\":\"AWSCloudTrailWrite\"},{\"Action\":\"s3:GetBucketAcl\",\"Effect\":\"Allow\",\"Principal\":{\"Service\":\"config.amazonaws.com\"},\"Resource\":\"arn:aws:s3:::vaultaws-central-logs-107258763926\",\"Sid\":\"AWSConfigAclCheck\"},{\"Action\":\"s3:PutObject\",\"Condition\":{\"StringEquals\":{\"s3:x-amz-acl\":\"bucket-owner-full-control\"}},\"Effect\":\"Allow\",\"Principal\":{\"Service\":\"config.amazonaws.com\"},\"Resource\":\"arn:aws:s3:::vaultaws-central-logs-107258763926/AWSLogs/107258763926/*\",\"Sid\":\"AWSConfigWrite\"}],\"Version\":\"2012-10-17\"}",
            "region": "ap-southeast-2",
            "replication_configuration": [],
            "request_payer": "BucketOwner",
            "server_side_encryption_configuration": [
              {
                "rule": [
                  {
                    "apply_server_side_encryption_by_default": [
                      {
                        "kms_master_key_id": "",
                        "sse_algorithm": "AES256"
                      }
                    ],
                    "bucket_key_enabled": false
                  }
                ]
              }
            ],
            "tags": {
              "Project": "VaultAWS"
            },
            "tags_all": {
              "Project": "VaultAWS"
            },
            "timeouts": null,
            "versioning": [
              {
                "enabled": true,
                "mfa_delete": false
              }
            ],
            "website": [],
            "website_domain": null,
            "website_endpoint": null
          },
          "sensitive_attributes": [],
          "identity_schema_version": 0,
          "identity": {
            "account_id": "107258763926",
            "bucket": "vaultaws-central-logs-107258763926",
            "region": "ap-southeast-2"
          },
          "private": "eyJlMmJmYjczMC1lY2FhLTExZTYtOGY4OC0zNDM2M2JjN2M0YzAiOnsiY3JlYXRlIjoxMjAwMDAwMDAwMDAwLCJkZWxldGUiOjM2MDAwMDAwMDAwMDAsInJlYWQiOjEyMDAwMDAwMDAwMDAsInVwZGF0ZSI6MTIwMDAwMDAwMDAwMH19",
          "dependencies": [
            "module.logging.data.aws_caller_identity.current"
          ]
        }
      ]
    },
    {
      "module": "module.logging",
      "mode": "managed",
      "type": "aws_s3_bucket_policy",
      "name": "logs",
      "provider": "provider[\"registry.terraform.io/hashicorp/aws\"]",
      "instances": [
        {
          "schema_version": 0,
          "attributes": {
            "bucket": "vaultaws-central-logs-107258763926",
            "id": "vaultaws-central-logs-107258763926",
            "policy": "{\"Statement\":[{\"Action\":\"s3:GetBucketAcl\",\"Effect\":\"Allow\",\"Principal\":{\"Service\":\"cloudtrail.amazonaws.com\"},\"Resource\":\"arn:aws:s3:::vaultaws-central-logs-107258763926\",\"Sid\":\"AWSCloudTrailAclCheck\"},{\"Action\":\"s3:PutObject\",\"Condition\":{\"StringEquals\":{\"s3:x-amz-acl\":\"bucket-owner-full-control\"}},\"Effect\":\"Allow\",\"Principal\":{\"Service\":\"cloudtrail.amazonaws.com\"},\"Resource\":\"arn:aws:s3:::vaultaws-central-logs-107258763926/AWSLogs/107258763926/*\",\"Sid\":\"AWSCloudTrailWrite\"},{\"Action\":\"s3:GetBucketAcl\",\"Effect\":\"Allow\",\"Principal\":{\"Service\":\"config.amazonaws.com\"},\"Resource\":\"arn:aws:s3:::vaultaws-central-logs-107258763926\",\"Sid\":\"AWSConfigAclCheck\"},{\"Action\":\"s3:PutObject\",\"Condition\":{\"StringEquals\":{\"s3:x-amz-acl\":\"bucket-owner-full-control\"}},\"Effect\":\"Allow\",\"Principal\":{\"Service\":\"config.amazonaws.com\"},\"Resource\":\"arn:aws:s3:::vaultaws-central-logs-107258763926/AWSLogs/107258763926/*\",\"Sid\":\"AWSConfigWrite\"}],\"Version\":\"2012-10-17\"}",
            "region": "ap-southeast-2"
          },
          "sensitive_attributes": [],
          "identity_schema_version": 0,
          "identity": {
            "account_id": "107258763926",
            "bucket": "vaultaws-central-logs-107258763926",
            "region": "ap-southeast-2"
          },
          "private": "bnVsbA==",
          "dependencies": [
            "module.logging.aws_s3_bucket.logs",
            "module.logging.data.aws_caller_identity.current",
            "module.logging.data.aws_iam_policy_document.logs_bucket_policy"
          ]
        }
      ]
    },
    {
      "module": "module.logging",
      "mode": "managed",
      "type": "aws_s3_bucket_public_access_block",
      "name": "logs",
      "provider": "provider[\"registry.terraform.io/hashicorp/aws\"]",
      "instances": [
        {
          "schema_version": 0,
          "attributes": {
            "block_public_acls": true,
            "block_public_policy": true,
            "bucket": "vaultaws-central-logs-107258763926",
            "id": "vaultaws-central-logs-107258763926",
            "ignore_public_acls": true,
            "region": "ap-southeast-2",
            "restrict_public_buckets": true,
            "skip_destroy": null
          },
          "sensitive_attributes": [],
          "identity_schema_version": 0,
          "identity": {
            "account_id": "107258763926",
            "bucket": "vaultaws-central-logs-107258763926",
            "region": "ap-southeast-2"
          },
          "private": "bnVsbA==",
          "dependencies": [
            "module.logging.aws_s3_bucket.logs",
            "module.logging.data.aws_caller_identity.current"
          ]
        }
      ]
    },
    {
      "module": "module.logging",
      "mode": "managed",
      "type": "aws_s3_bucket_server_side_encryption_configuration",
      "name": "logs",
      "provider": "provider[\"registry.terraform.io/hashicorp/aws\"]",
      "instances": [
        {
          "schema_version": 0,
          "attributes": {
            "bucket": "vaultaws-central-logs-107258763926",
            "expected_bucket_owner": "",
            "id": "vaultaws-central-logs-107258763926",
            "region": "ap-southeast-2",
            "rule": [
              {
                "apply_server_side_encryption_by_default": [
                  {
                    "kms_master_key_id": "",
                    "sse_algorithm": "AES256"
                  }
                ],
                "blocked_encryption_types": [],
                "bucket_key_enabled": false
              }
            ]
          },
          "sensitive_attributes": [],
          "identity_schema_version": 0,
          "identity": {
            "account_id": "107258763926",
            "bucket": "vaultaws-central-logs-107258763926",
            "expected_bucket_owner": null,
            "region": "ap-southeast-2"
          },
          "private": "bnVsbA==",
          "dependencies": [
            "module.logging.aws_s3_bucket.logs",
            "module.logging.data.aws_caller_identity.current"
          ]
        }
      ]
    },
    {
      "module": "module.logging",
      "mode": "managed",
      "type": "aws_s3_bucket_versioning",
      "name": "logs",
      "provider": "provider[\"registry.terraform.io/hashicorp/aws\"]",
      "instances": [
        {
          "schema_version": 0,
          "attributes": {
            "bucket": "vaultaws-central-logs-107258763926",
            "expected_bucket_owner": "",
            "id": "vaultaws-central-logs-107258763926",
            "mfa": null,
            "region": "ap-southeast-2",
            "versioning_configuration": [
              {
                "mfa_delete": "",
                "status": "Enabled"
              }
            ]
          },
          "sensitive_attributes": [],
          "identity_schema_version": 0,
          "identity": {
            "account_id": "107258763926",
            "bucket": "vaultaws-central-logs-107258763926",
            "expected_bucket_owner": null,
            "region": "ap-southeast-2"
          },
          "private": "bnVsbA==",
          "dependencies": [
            "module.logging.aws_s3_bucket.logs",
            "module.logging.data.aws_caller_identity.current"
          ]
        }
      ]
    },
    {
      "module": "module.logging",
      "mode": "managed",
      "type": "aws_sns_topic",
      "name": "security_alerts",
      "provider": "provider[\"registry.terraform.io/hashicorp/aws\"]",
      "instances": [
        {
          "schema_version": 0,
          "attributes": {
            "application_failure_feedback_role_arn": "",
            "application_success_feedback_role_arn": "",
            "application_success_feedback_sample_rate": 0,
            "archive_policy": "",
            "arn": "arn:aws:sns:ap-southeast-2:107258763926:VaultAWS-security-alerts",
            "beginning_archive_time": "",
            "content_based_deduplication": false,
            "delivery_policy": "",
            "display_name": "",
            "fifo_throughput_scope": "",
            "fifo_topic": false,
            "firehose_failure_feedback_role_arn": "",
            "firehose_success_feedback_role_arn": "",
            "firehose_success_feedback_sample_rate": 0,
            "http_failure_feedback_role_arn": "",
            "http_success_feedback_role_arn": "",
            "http_success_feedback_sample_rate": 0,
            "id": "arn:aws:sns:ap-southeast-2:107258763926:VaultAWS-security-alerts",
            "kms_master_key_id": "",
            "lambda_failure_feedback_role_arn": "",
            "lambda_success_feedback_role_arn": "",
            "lambda_success_feedback_sample_rate": 0,
            "name": "VaultAWS-security-alerts",
            "name_prefix": "",
            "owner": "107258763926",
            "policy": "{\"Id\":\"__default_policy_ID\",\"Statement\":[{\"Action\":[\"SNS:GetTopicAttributes\",\"SNS:SetTopicAttributes\",\"SNS:AddPermission\",\"SNS:RemovePermission\",\"SNS:DeleteTopic\",\"SNS:Subscribe\",\"SNS:ListSubscriptionsByTopic\",\"SNS:Publish\"],\"Condition\":{\"StringEquals\":{\"AWS:SourceOwner\":\"107258763926\"}},\"Effect\":\"Allow\",\"Principal\":{\"AWS\":\"*\"},\"Resource\":\"arn:aws:sns:ap-southeast-2:107258763926:VaultAWS-security-alerts\",\"Sid\":\"__default_statement_ID\"}],\"Version\":\"2008-10-17\"}",
            "region": "ap-southeast-2",
            "signature_version": 0,
            "sqs_failure_feedback_role_arn": "",
            "sqs_success_feedback_role_arn": "",
            "sqs_success_feedback_sample_rate": 0,
            "tags": {},
            "tags_all": {},
            "tracing_config": ""
          },
          "sensitive_attributes": [],
          "identity_schema_version": 0,
          "identity": {
            "arn": "arn:aws:sns:ap-southeast-2:107258763926:VaultAWS-security-alerts"
          },
          "private": "bnVsbA=="
        }
      ]
    },
    {
      "module": "module.logging",
      "mode": "managed",
      "type": "aws_sns_topic_subscription",
      "name": "email",
      "provider": "provider[\"registry.terraform.io/hashicorp/aws\"]",
      "instances": [
        {
          "index_key": 0,
          "schema_version": 0,
          "attributes": {
            "arn": "arn:aws:sns:ap-southeast-2:107258763926:VaultAWS-security-alerts:333e4e88-f8a8-4190-aa18-aea8ffdf79b5",
            "confirmation_timeout_in_minutes": 1,
            "confirmation_was_authenticated": false,
            "delivery_policy": "",
            "endpoint": "velio971@gmail.com",
            "endpoint_auto_confirms": false,
            "filter_policy": "",
            "filter_policy_scope": "",
            "id": "arn:aws:sns:ap-southeast-2:107258763926:VaultAWS-security-alerts:333e4e88-f8a8-4190-aa18-aea8ffdf79b5",
            "owner_id": "107258763926",
            "pending_confirmation": true,
            "protocol": "email",
            "raw_message_delivery": false,
            "redrive_policy": "",
            "region": "ap-southeast-2",
            "replay_policy": "",
            "subscription_role_arn": "",
            "topic_arn": "arn:aws:sns:ap-southeast-2:107258763926:VaultAWS-security-alerts"
          },
          "sensitive_attributes": [],
          "identity_schema_version": 0,
          "identity": {
            "arn": "arn:aws:sns:ap-southeast-2:107258763926:VaultAWS-security-alerts:333e4e88-f8a8-4190-aa18-aea8ffdf79b5"
          },
          "private": "bnVsbA==",
          "dependencies": [
            "module.logging.aws_sns_topic.security_alerts"
          ]
        }
      ]
    },
    {
      "module": "module.vpc",
      "mode": "data",
      "type": "aws_iam_policy_document",
      "name": "flowlogs_assume_role",
      "provider": "module.vpc.provider[\"registry.terraform.io/hashicorp/aws\"]",
      "instances": [
        {
          "schema_version": 0,
          "attributes": {
            "id": "2717921857",
            "json": "{\n  \"Version\": \"2012-10-17\",\n  \"Statement\": [\n    {\n      \"Effect\": \"Allow\",\n      \"Action\": \"sts:AssumeRole\",\n      \"Principal\": {\n        \"Service\": \"vpc-flow-logs.amazonaws.com\"\n      }\n    }\n  ]\n}",
            "minified_json": "{\"Version\":\"2012-10-17\",\"Statement\":[{\"Effect\":\"Allow\",\"Action\":\"sts:AssumeRole\",\"Principal\":{\"Service\":\"vpc-flow-logs.amazonaws.com\"}}]}",
            "override_json": null,
            "override_policy_documents": null,
            "policy_id": null,
            "source_json": null,
            "source_policy_documents": null,
            "statement": [
              {
                "actions": [
                  "sts:AssumeRole"
                ],
                "condition": [],
                "effect": "Allow",
                "not_actions": [],
                "not_principals": [],
                "not_resources": [],
                "principals": [
                  {
                    "identifiers": [
                      "vpc-flow-logs.amazonaws.com"
                    ],
                    "type": "Service"
                  }
                ],
                "resources": [],
                "sid": ""
              }
            ],
            "version": "2012-10-17"
          },
          "sensitive_attributes": [],
          "identity_schema_version": 0
        }
      ]
    },
    {
      "module": "module.vpc",
      "mode": "data",
      "type": "aws_iam_policy_document",
      "name": "flowlogs_policy",
      "provider": "module.vpc.provider[\"registry.terraform.io/hashicorp/aws\"]",
      "instances": [
        {
          "schema_version": 0,
          "attributes": {
            "id": "1078371502",
            "json": "{\n  \"Version\": \"2012-10-17\",\n  \"Statement\": [\n    {\n      \"Effect\": \"Allow\",\n      \"Action\": [\n        \"logs:PutLogEvents\",\n        \"logs:DescribeLogStreams\",\n        \"logs:DescribeLogGroups\",\n        \"logs:CreateLogStream\"\n      ],\n      \"Resource\": \"arn:aws:logs:ap-southeast-2:107258763926:log-group:/VaultAWS/vpc-flowlogs:*\"\n    }\n  ]\n}",
            "minified_json": "{\"Version\":\"2012-10-17\",\"Statement\":[{\"Effect\":\"Allow\",\"Action\":[\"logs:PutLogEvents\",\"logs:DescribeLogStreams\",\"logs:DescribeLogGroups\",\"logs:CreateLogStream\"],\"Resource\":\"arn:aws:logs:ap-southeast-2:107258763926:log-group:/VaultAWS/vpc-flowlogs:*\"}]}",
            "override_json": null,
            "override_policy_documents": null,
            "policy_id": null,
            "source_json": null,
            "source_policy_documents": null,
            "statement": [
              {
                "actions": [
                  "logs:CreateLogStream",
                  "logs:DescribeLogGroups",
                  "logs:DescribeLogStreams",
                  "logs:PutLogEvents"
                ],
                "condition": [],
                "effect": "Allow",
                "not_actions": [],
                "not_principals": [],
                "not_resources": [],
                "principals": [],
                "resources": [
                  "arn:aws:logs:ap-southeast-2:107258763926:log-group:/VaultAWS/vpc-flowlogs:*"
                ],
                "sid": ""
              }
            ],
            "version": "2012-10-17"
          },
          "sensitive_attributes": [],
          "identity_schema_version": 0
        }
      ]
    },
    {
      "module": "module.vpc",
      "mode": "managed",
      "type": "aws_cloudwatch_log_group",
      "name": "vpc_flowlogs",
      "provider": "module.vpc.provider[\"registry.terraform.io/hashicorp/aws\"]",
      "instances": [
        {
          "schema_version": 0,
          "attributes": {
            "arn": "arn:aws:logs:ap-southeast-2:107258763926:log-group:/VaultAWS/vpc-flowlogs",
            "deletion_protection_enabled": false,
            "id": "/VaultAWS/vpc-flowlogs",
            "kms_key_id": "",
            "log_group_class": "STANDARD",
            "name": "/VaultAWS/vpc-flowlogs",
            "name_prefix": "",
            "region": "ap-southeast-2",
            "retention_in_days": 30,
            "skip_destroy": false,
            "tags": {
              "Project": "VaultAWS"
            },
            "tags_all": {
              "Project": "VaultAWS"
            }
          },
          "sensitive_attributes": [],
          "identity_schema_version": 0,
          "identity": {
            "account_id": "107258763926",
            "name": "/VaultAWS/vpc-flowlogs",
            "region": "ap-southeast-2"
          },
          "private": "bnVsbA=="
        }
      ]
    },
    {
      "module": "module.vpc",
      "mode": "managed",
      "type": "aws_eip",
      "name": "nat",
      "provider": "module.vpc.provider[\"registry.terraform.io/hashicorp/aws\"]",
      "instances": [
        {
          "schema_version": 0,
          "attributes": {
            "address": null,
            "allocation_id": "eipalloc-0ce92090026a80913",
            "arn": "arn:aws:ec2:ap-southeast-2:107258763926:elastic-ip/eipalloc-0ce92090026a80913",
            "associate_with_private_ip": null,
            "association_id": "eipassoc-043a345f863197802",
            "carrier_ip": "",
            "customer_owned_ip": "",
            "customer_owned_ipv4_pool": "",
            "domain": "vpc",
            "id": "eipalloc-0ce92090026a80913",
            "instance": "",
            "ipam_pool_id": null,
            "network_border_group": "ap-southeast-2",
            "network_interface": "eni-06c612756478eab71",
            "private_dns": "ip-10-0-1-5.ap-southeast-2.compute.internal",
            "private_ip": "10.0.1.5",
            "ptr_record": "",
            "public_dns": "ec2-3-106-43-224.ap-southeast-2.compute.amazonaws.com",
            "public_ip": "3.106.43.224",
            "public_ipv4_pool": "amazon",
            "region": "ap-southeast-2",
            "tags": {
              "Name": "VaultAWS-NAT-EIP",
              "Project": "VaultAWS"
            },
            "tags_all": {
              "Name": "VaultAWS-NAT-EIP",
              "Project": "VaultAWS"
            },
            "timeouts": null
          },
          "sensitive_attributes": [],
          "identity_schema_version": 0,
          "private": "eyJlMmJmYjczMC1lY2FhLTExZTYtOGY4OC0zNDM2M2JjN2M0YzAiOnsiZGVsZXRlIjoxODAwMDAwMDAwMDAsInJlYWQiOjkwMDAwMDAwMDAwMCwidXBkYXRlIjozMDAwMDAwMDAwMDB9fQ=="
        }
      ]
    },
    {
      "module": "module.vpc",
      "mode": "managed",
      "type": "aws_flow_log",
      "name": "vpc",
      "provider": "module.vpc.provider[\"registry.terraform.io/hashicorp/aws\"]",
      "instances": [
        {
          "schema_version": 1,
          "attributes": {
            "arn": "arn:aws:ec2:ap-southeast-2:107258763926:vpc-flow-log/fl-0c466cd33223fec90",
            "deliver_cross_account_role": "",
            "destination_options": [],
            "eni_id": null,
            "iam_role_arn": "arn:aws:iam::107258763926:role/VaultAWS-VPCFlowLogsRole",
            "id": "fl-0c466cd33223fec90",
            "log_destination": "arn:aws:logs:ap-southeast-2:107258763926:log-group:/VaultAWS/vpc-flowlogs",
            "log_destination_type": "cloud-watch-logs",
            "log_format": "${version} ${account-id} ${interface-id} ${srcaddr} ${dstaddr} ${srcport} ${dstport} ${protocol} ${packets} ${bytes} ${start} ${end} ${action} ${log-status}",
            "max_aggregation_interval": 600,
            "region": "ap-southeast-2",
            "regional_nat_gateway_id": null,
            "subnet_id": null,
            "tags": {
              "Name": "VaultAWS-VPCFlowLogs",
              "Project": "VaultAWS"
            },
            "tags_all": {
              "Name": "VaultAWS-VPCFlowLogs",
              "Project": "VaultAWS"
            },
            "traffic_type": "ALL",
            "transit_gateway_attachment_id": null,
            "transit_gateway_id": null,
            "vpc_id": "vpc-04349f17b3e4bd070"
          },
          "sensitive_attributes": [],
          "identity_schema_version": 0,
          "private": "eyJzY2hlbWFfdmVyc2lvbiI6IjEifQ==",
          "dependencies": [
            "module.vpc.aws_cloudwatch_log_group.vpc_flowlogs",
            "module.vpc.aws_iam_role.flowlogs_role",
            "module.vpc.aws_vpc.main",
            "module.vpc.data.aws_iam_policy_document.flowlogs_assume_role"
          ]
        }
      ]
    },
    {
      "module": "module.vpc",
      "mode": "managed",
      "type": "aws_iam_role",
      "name": "flowlogs_role",
      "provider": "module.vpc.provider[\"registry.terraform.io/hashicorp/aws\"]",
      "instances": [
        {
          "schema_version": 0,
          "attributes": {
            "arn": "arn:aws:iam::107258763926:role/VaultAWS-VPCFlowLogsRole",
            "assume_role_policy": "{\"Statement\":[{\"Action\":\"sts:AssumeRole\",\"Effect\":\"Allow\",\"Principal\":{\"Service\":\"vpc-flow-logs.amazonaws.com\"}}],\"Version\":\"2012-10-17\"}",
            "create_date": "2026-01-14T04:10:47Z",
            "description": "",
            "force_detach_policies": false,
            "id": "VaultAWS-VPCFlowLogsRole",
            "inline_policy": [
              {
                "name": "VaultAWS-VPCFlowLogsPolicy",
                "policy": "{\"Version\":\"2012-10-17\",\"Statement\":[{\"Action\":[\"logs:PutLogEvents\",\"logs:DescribeLogStreams\",\"logs:DescribeLogGroups\",\"logs:CreateLogStream\"],\"Effect\":\"Allow\",\"Resource\":\"arn:aws:logs:ap-southeast-2:107258763926:log-group:/VaultAWS/vpc-flowlogs:*\"}]}"
              }
            ],
            "managed_policy_arns": [],
            "max_session_duration": 3600,
            "name": "VaultAWS-VPCFlowLogsRole",
            "name_prefix": "",
            "path": "/",
            "permissions_boundary": "",
            "tags": {},
            "tags_all": {},
            "unique_id": "AROARR6I63KLL3NJZ7PM2"
          },
          "sensitive_attributes": [],
          "identity_schema_version": 0,
          "identity": {
            "account_id": "107258763926",
            "name": "VaultAWS-VPCFlowLogsRole"
          },
          "private": "bnVsbA==",
          "dependencies": [
            "module.vpc.data.aws_iam_policy_document.flowlogs_assume_role"
          ]
        }
      ]
    },
    {
      "module": "module.vpc",
      "mode": "managed",
      "type": "aws_iam_role_policy",
      "name": "flowlogs_role_policy",
      "provider": "module.vpc.provider[\"registry.terraform.io/hashicorp/aws\"]",
      "instances": [
        {
          "schema_version": 0,
          "attributes": {
            "id": "VaultAWS-VPCFlowLogsRole:VaultAWS-VPCFlowLogsPolicy",
            "name": "VaultAWS-VPCFlowLogsPolicy",
            "name_prefix": "",
            "policy": "{\"Version\":\"2012-10-17\",\"Statement\":[{\"Action\":[\"logs:PutLogEvents\",\"logs:DescribeLogStreams\",\"logs:DescribeLogGroups\",\"logs:CreateLogStream\"],\"Effect\":\"Allow\",\"Resource\":\"arn:aws:logs:ap-southeast-2:107258763926:log-group:/VaultAWS/vpc-flowlogs:*\"}]}",
            "role": "VaultAWS-VPCFlowLogsRole"
          },
          "sensitive_attributes": [],
          "identity_schema_version": 0,
          "identity": {
            "account_id": "107258763926",
            "name": "VaultAWS-VPCFlowLogsPolicy",
            "role": "VaultAWS-VPCFlowLogsRole"
          },
          "private": "bnVsbA==",
          "dependencies": [
            "module.vpc.aws_cloudwatch_log_group.vpc_flowlogs",
            "module.vpc.aws_iam_role.flowlogs_role",
            "module.vpc.data.aws_iam_policy_document.flowlogs_assume_role",
            "module.vpc.data.aws_iam_policy_document.flowlogs_policy"
          ]
        }
      ]
    },
    {
      "module": "module.vpc",
      "mode": "managed",
      "type": "aws_internet_gateway",
      "name": "igw",
      "provider": "module.vpc.provider[\"registry.terraform.io/hashicorp/aws\"]",
      "instances": [
        {
          "schema_version": 0,
          "attributes": {
            "arn": "arn:aws:ec2:ap-southeast-2:107258763926:internet-gateway/igw-0a42019f63359ca23",
            "id": "igw-0a42019f63359ca23",
            "owner_id": "107258763926",
            "region": "ap-southeast-2",
            "tags": {
              "Name": "VaultAWS-IGW",
              "Project": "VaultAWS"
            },
            "tags_all": {
              "Name": "VaultAWS-IGW",
              "Project": "VaultAWS"
            },
            "timeouts": null,
            "vpc_id": "vpc-04349f17b3e4bd070"
          },
          "sensitive_attributes": [],
          "identity_schema_version": 0,
          "private": "eyJlMmJmYjczMC1lY2FhLTExZTYtOGY4OC0zNDM2M2JjN2M0YzAiOnsiY3JlYXRlIjoxMjAwMDAwMDAwMDAwLCJkZWxldGUiOjEyMDAwMDAwMDAwMDAsInVwZGF0ZSI6MTIwMDAwMDAwMDAwMH19",
          "dependencies": [
            "module.vpc.aws_vpc.main"
          ]
        }
      ]
    },
    {
      "module": "module.vpc",
      "mode": "managed",
      "type": "aws_nat_gateway",
      "name": "nat",
      "provider": "module.vpc.provider[\"registry.terraform.io/hashicorp/aws\"]",
      "instances": [
        {
          "schema_version": 0,
          "attributes": {
            "allocation_id": "eipalloc-0ce92090026a80913",
            "association_id": "eipassoc-043a345f863197802",
            "auto_provision_zones": null,
            "auto_scaling_ips": null,
            "availability_mode": "zonal",
            "availability_zone_address": [],
            "connectivity_type": "public",
            "id": "nat-0510f519069c4a9e2",
            "network_interface_id": "eni-06c612756478eab71",
            "private_ip": "10.0.1.5",
            "public_ip": "3.106.43.224",
            "region": "ap-southeast-2",
            "regional_nat_gateway_address": [],
            "regional_nat_gateway_auto_mode": null,
            "route_table_id": null,
            "secondary_allocation_ids": [],
            "secondary_private_ip_address_count": 0,
            "secondary_private_ip_addresses": [],
            "subnet_id": "subnet-0fcd5b70366c34424",
            "tags": {
              "Name": "VaultAWS-NAT",
              "Project": "VaultAWS"
            },
            "tags_all": {
              "Name": "VaultAWS-NAT",
              "Project": "VaultAWS"
            },
            "timeouts": null,
            "vpc_id": "vpc-04349f17b3e4bd070"
          },
          "sensitive_attributes": [],
          "identity_schema_version": 0,
          "private": "eyJlMmJmYjczMC1lY2FhLTExZTYtOGY4OC0zNDM2M2JjN2M0YzAiOnsiY3JlYXRlIjo2MDAwMDAwMDAwMDAsImRlbGV0ZSI6MTgwMDAwMDAwMDAwMCwidXBkYXRlIjo2MDAwMDAwMDAwMDB9fQ==",
          "dependencies": [
            "module.vpc.aws_eip.nat",
            "module.vpc.aws_internet_gateway.igw",
            "module.vpc.aws_subnet.public",
            "module.vpc.aws_vpc.main"
          ]
        }
      ]
    },
    {
      "module": "module.vpc",
      "mode": "managed",
      "type": "aws_route",
      "name": "private_internet",
      "provider": "module.vpc.provider[\"registry.terraform.io/hashicorp/aws\"]",
      "instances": [
        {
          "schema_version": 0,
          "attributes": {
            "carrier_gateway_id": "",
            "core_network_arn": "",
            "destination_cidr_block": "0.0.0.0/0",
            "destination_ipv6_cidr_block": "",
            "destination_prefix_list_id": "",
            "egress_only_gateway_id": "",
            "gateway_id": "",
            "id": "r-rtb-0cd6c66b542a0429c1080289494",
            "instance_id": "",
            "instance_owner_id": "",
            "local_gateway_id": "",
            "nat_gateway_id": "nat-0510f519069c4a9e2",
            "network_interface_id": "",
            "origin": "CreateRoute",
            "region": "ap-southeast-2",
            "route_table_id": "rtb-0cd6c66b542a0429c",
            "state": "active",
            "timeouts": null,
            "transit_gateway_id": "",
            "vpc_endpoint_id": "",
            "vpc_peering_connection_id": ""
          },
          "sensitive_attributes": [],
          "identity_schema_version": 0,
          "identity": {
            "account_id": "107258763926",
            "destination_cidr_block": "0.0.0.0/0",
            "destination_ipv6_cidr_block": null,
            "destination_prefix_list_id": null,
            "region": "ap-southeast-2",
            "route_table_id": "rtb-0cd6c66b542a0429c"
          },
          "private": "eyJlMmJmYjczMC1lY2FhLTExZTYtOGY4OC0zNDM2M2JjN2M0YzAiOnsiY3JlYXRlIjozMDAwMDAwMDAwMDAsImRlbGV0ZSI6MzAwMDAwMDAwMDAwLCJ1cGRhdGUiOjEyMDAwMDAwMDAwMH19",
          "dependencies": [
            "module.vpc.aws_eip.nat",
            "module.vpc.aws_internet_gateway.igw",
            "module.vpc.aws_nat_gateway.nat",
            "module.vpc.aws_route_table.private",
            "module.vpc.aws_subnet.public",
            "module.vpc.aws_vpc.main"
          ]
        }
      ]
    },
    {
      "module": "module.vpc",
      "mode": "managed",
      "type": "aws_route",
      "name": "public_internet",
      "provider": "module.vpc.provider[\"registry.terraform.io/hashicorp/aws\"]",
      "instances": [
        {
          "schema_version": 0,
          "attributes": {
            "carrier_gateway_id": "",
            "core_network_arn": "",
            "destination_cidr_block": "0.0.0.0/0",
            "destination_ipv6_cidr_block": "",
            "destination_prefix_list_id": "",
            "egress_only_gateway_id": "",
            "gateway_id": "igw-0a42019f63359ca23",
            "id": "r-rtb-0c689686dc6c69a081080289494",
            "instance_id": "",
            "instance_owner_id": "",
            "local_gateway_id": "",
            "nat_gateway_id": "",
            "network_interface_id": "",
            "origin": "CreateRoute",
            "region": "ap-southeast-2",
            "route_table_id": "rtb-0c689686dc6c69a08",
            "state": "active",
            "timeouts": null,
            "transit_gateway_id": "",
            "vpc_endpoint_id": "",
            "vpc_peering_connection_id": ""
          },
          "sensitive_attributes": [],
          "identity_schema_version": 0,
          "identity": {
            "account_id": "107258763926",
            "destination_cidr_block": "0.0.0.0/0",
            "destination_ipv6_cidr_block": null,
            "destination_prefix_list_id": null,
            "region": "ap-southeast-2",
            "route_table_id": "rtb-0c689686dc6c69a08"
          },
          "private": "eyJlMmJmYjczMC1lY2FhLTExZTYtOGY4OC0zNDM2M2JjN2M0YzAiOnsiY3JlYXRlIjozMDAwMDAwMDAwMDAsImRlbGV0ZSI6MzAwMDAwMDAwMDAwLCJ1cGRhdGUiOjEyMDAwMDAwMDAwMH19",
          "dependencies": [
            "module.vpc.aws_internet_gateway.igw",
            "module.vpc.aws_route_table.public",
            "module.vpc.aws_vpc.main"
          ]
        }
      ]
    },
    {
      "module": "module.vpc",
      "mode": "managed",
      "type": "aws_route_table",
      "name": "private",
      "provider": "module.vpc.provider[\"registry.terraform.io/hashicorp/aws\"]",
      "instances": [
        {
          "schema_version": 0,
          "attributes": {
            "arn": "arn:aws:ec2:ap-southeast-2:107258763926:route-table/rtb-0cd6c66b542a0429c",
            "id": "rtb-0cd6c66b542a0429c",
            "owner_id": "107258763926",
            "propagating_vgws": [],
            "region": "ap-southeast-2",
            "route": [
              {
                "carrier_gateway_id": "",
                "cidr_block": "0.0.0.0/0",
                "core_network_arn": "",
                "destination_prefix_list_id": "",
                "egress_only_gateway_id": "",
                "gateway_id": "",
                "ipv6_cidr_block": "",
                "local_gateway_id": "",
                "nat_gateway_id": "nat-0510f519069c4a9e2",
                "network_interface_id": "",
                "transit_gateway_id": "",
                "vpc_endpoint_id": "",
                "vpc_peering_connection_id": ""
              }
            ],
            "tags": {
              "Name": "VaultAWS-Private-RT",
              "Project": "VaultAWS"
            },
            "tags_all": {
              "Name": "VaultAWS-Private-RT",
              "Project": "VaultAWS"
            },
            "timeouts": null,
            "vpc_id": "vpc-04349f17b3e4bd070"
          },
          "sensitive_attributes": [],
          "identity_schema_version": 0,
          "identity": {
            "account_id": "107258763926",
            "id": "rtb-0cd6c66b542a0429c",
            "region": "ap-southeast-2"
          },
          "private": "eyJlMmJmYjczMC1lY2FhLTExZTYtOGY4OC0zNDM2M2JjN2M0YzAiOnsiY3JlYXRlIjozMDAwMDAwMDAwMDAsImRlbGV0ZSI6MzAwMDAwMDAwMDAwLCJ1cGRhdGUiOjEyMDAwMDAwMDAwMH19",
          "dependencies": [
            "module.vpc.aws_vpc.main"
          ]
        }
      ]
    },
    {
      "module": "module.vpc",
      "mode": "managed",
      "type": "aws_route_table",
      "name": "public",
      "provider": "module.vpc.provider[\"registry.terraform.io/hashicorp/aws\"]",
      "instances": [
        {
          "schema_version": 0,
          "attributes": {
            "arn": "arn:aws:ec2:ap-southeast-2:107258763926:route-table/rtb-0c689686dc6c69a08",
            "id": "rtb-0c689686dc6c69a08",
            "owner_id": "107258763926",
            "propagating_vgws": [],
            "region": "ap-southeast-2",
            "route": [
              {
                "carrier_gateway_id": "",
                "cidr_block": "0.0.0.0/0",
                "core_network_arn": "",
                "destination_prefix_list_id": "",
                "egress_only_gateway_id": "",
                "gateway_id": "igw-0a42019f63359ca23",
                "ipv6_cidr_block": "",
                "local_gateway_id": "",
                "nat_gateway_id": "",
                "network_interface_id": "",
                "transit_gateway_id": "",
                "vpc_endpoint_id": "",
                "vpc_peering_connection_id": ""
              }
            ],
            "tags": {
              "Name": "VaultAWS-Public-RT",
              "Project": "VaultAWS"
            },
            "tags_all": {
              "Name": "VaultAWS-Public-RT",
              "Project": "VaultAWS"
            },
            "timeouts": null,
            "vpc_id": "vpc-04349f17b3e4bd070"
          },
          "sensitive_attributes": [],
          "identity_schema_version": 0,
          "identity": {
            "account_id": "107258763926",
            "id": "rtb-0c689686dc6c69a08",
            "region": "ap-southeast-2"
          },
          "private": "eyJlMmJmYjczMC1lY2FhLTExZTYtOGY4OC0zNDM2M2JjN2M0YzAiOnsiY3JlYXRlIjozMDAwMDAwMDAwMDAsImRlbGV0ZSI6MzAwMDAwMDAwMDAwLCJ1cGRhdGUiOjEyMDAwMDAwMDAwMH19",
          "dependencies": [
            "module.vpc.aws_vpc.main"
          ]
        }
      ]
    },
    {
      "module": "module.vpc",
      "mode": "managed",
      "type": "aws_route_table_association",
      "name": "private",
      "provider": "module.vpc.provider[\"registry.terraform.io/hashicorp/aws\"]",
      "instances": [
        {
          "index_key": 0,
          "schema_version": 0,
          "attributes": {
            "gateway_id": "",
            "id": "rtbassoc-08c1c1eef17def9c0",
            "region": "ap-southeast-2",
            "route_table_id": "rtb-0cd6c66b542a0429c",
            "subnet_id": "subnet-0bc6fc58f6f7d22cc",
            "timeouts": null
          },
          "sensitive_attributes": [],
          "identity_schema_version": 0,
          "private": "eyJlMmJmYjczMC1lY2FhLTExZTYtOGY4OC0zNDM2M2JjN2M0YzAiOnsiY3JlYXRlIjozMDAwMDAwMDAwMDAsImRlbGV0ZSI6MzAwMDAwMDAwMDAwLCJ1cGRhdGUiOjEyMDAwMDAwMDAwMH19",
          "dependencies": [
            "module.vpc.aws_route_table.private",
            "module.vpc.aws_subnet.private",
            "module.vpc.aws_vpc.main"
          ]
        },
        {
          "index_key": 1,
          "schema_version": 0,
          "attributes": {
            "gateway_id": "",
            "id": "rtbassoc-07492104744353e82",
            "region": "ap-southeast-2",
            "route_table_id": "rtb-0cd6c66b542a0429c",
            "subnet_id": "subnet-04a7ef1f6bbd78bdc",
            "timeouts": null
          },
          "sensitive_attributes": [],
          "identity_schema_version": 0,
          "private": "eyJlMmJmYjczMC1lY2FhLTExZTYtOGY4OC0zNDM2M2JjN2M0YzAiOnsiY3JlYXRlIjozMDAwMDAwMDAwMDAsImRlbGV0ZSI6MzAwMDAwMDAwMDAwLCJ1cGRhdGUiOjEyMDAwMDAwMDAwMH19",
          "dependencies": [
            "module.vpc.aws_route_table.private",
            "module.vpc.aws_subnet.private",
            "module.vpc.aws_vpc.main"
          ]
        }
      ]
    },
    {
      "module": "module.vpc",
      "mode": "managed",
      "type": "aws_route_table_association",
      "name": "public",
      "provider": "module.vpc.provider[\"registry.terraform.io/hashicorp/aws\"]",
      "instances": [
        {
          "index_key": 0,
          "schema_version": 0,
          "attributes": {
            "gateway_id": "",
            "id": "rtbassoc-06f4b041fded9f3b3",
            "region": "ap-southeast-2",
            "route_table_id": "rtb-0c689686dc6c69a08",
            "subnet_id": "subnet-0fcd5b70366c34424",
            "timeouts": null
          },
          "sensitive_attributes": [],
          "identity_schema_version": 0,
          "private": "eyJlMmJmYjczMC1lY2FhLTExZTYtOGY4OC0zNDM2M2JjN2M0YzAiOnsiY3JlYXRlIjozMDAwMDAwMDAwMDAsImRlbGV0ZSI6MzAwMDAwMDAwMDAwLCJ1cGRhdGUiOjEyMDAwMDAwMDAwMH19",
          "dependencies": [
            "module.vpc.aws_route_table.public",
            "module.vpc.aws_subnet.public",
            "module.vpc.aws_vpc.main"
          ]
        },
        {
          "index_key": 1,
          "schema_version": 0,
          "attributes": {
            "gateway_id": "",
            "id": "rtbassoc-09ab769542e46f3f8",
            "region": "ap-southeast-2",
            "route_table_id": "rtb-0c689686dc6c69a08",
            "subnet_id": "subnet-015bcb94c9ef3dc39",
            "timeouts": null
          },
          "sensitive_attributes": [],
          "identity_schema_version": 0,
          "private": "eyJlMmJmYjczMC1lY2FhLTExZTYtOGY4OC0zNDM2M2JjN2M0YzAiOnsiY3JlYXRlIjozMDAwMDAwMDAwMDAsImRlbGV0ZSI6MzAwMDAwMDAwMDAwLCJ1cGRhdGUiOjEyMDAwMDAwMDAwMH19",
          "dependencies": [
            "module.vpc.aws_route_table.public",
            "module.vpc.aws_subnet.public",
            "module.vpc.aws_vpc.main"
          ]
        }
      ]
    },
    {
      "module": "module.vpc",
      "mode": "managed",
      "type": "aws_subnet",
      "name": "private",
      "provider": "module.vpc.provider[\"registry.terraform.io/hashicorp/aws\"]",
      "instances": [
        {
          "index_key": 0,
          "schema_version": 1,
          "attributes": {
            "arn": "arn:aws:ec2:ap-southeast-2:107258763926:subnet/subnet-0bc6fc58f6f7d22cc",
            "assign_ipv6_address_on_creation": false,
            "availability_zone": "ap-southeast-2a",
            "availability_zone_id": "apse2-az1",
            "cidr_block": "10.0.10.0/24",
            "customer_owned_ipv4_pool": "",
            "enable_dns64": false,
            "enable_lni_at_device_index": 0,
            "enable_resource_name_dns_a_record_on_launch": false,
            "enable_resource_name_dns_aaaa_record_on_launch": false,
            "id": "subnet-0bc6fc58f6f7d22cc",
            "ipv6_cidr_block": "",
            "ipv6_cidr_block_association_id": "",
            "ipv6_native": false,
            "map_customer_owned_ip_on_launch": false,
            "map_public_ip_on_launch": false,
            "outpost_arn": "",
            "owner_id": "107258763926",
            "private_dns_hostname_type_on_launch": "ip-name",
            "region": "ap-southeast-2",
            "tags": {
              "Name": "VaultAWS-Private-0",
              "Project": "VaultAWS",
              "Tier": "private"
            },
            "tags_all": {
              "Name": "VaultAWS-Private-0",
              "Project": "VaultAWS",
              "Tier": "private"
            },
            "timeouts": null,
            "vpc_id": "vpc-04349f17b3e4bd070"
          },
          "sensitive_attributes": [],
          "identity_schema_version": 0,
          "identity": {
            "account_id": "107258763926",
            "id": "subnet-0bc6fc58f6f7d22cc",
            "region": "ap-southeast-2"
          },
          "private": "eyJlMmJmYjczMC1lY2FhLTExZTYtOGY4OC0zNDM2M2JjN2M0YzAiOnsiY3JlYXRlIjo2MDAwMDAwMDAwMDAsImRlbGV0ZSI6MTIwMDAwMDAwMDAwMH0sInNjaGVtYV92ZXJzaW9uIjoiMSJ9",
          "dependencies": [
            "module.vpc.aws_vpc.main"
          ]
        },
        {
          "index_key": 1,
          "schema_version": 1,
          "attributes": {
            "arn": "arn:aws:ec2:ap-southeast-2:107258763926:subnet/subnet-04a7ef1f6bbd78bdc",
            "assign_ipv6_address_on_creation": false,
            "availability_zone": "ap-southeast-2b",
            "availability_zone_id": "apse2-az3",
            "cidr_block": "10.0.11.0/24",
            "customer_owned_ipv4_pool": "",
            "enable_dns64": false,
            "enable_lni_at_device_index": 0,
            "enable_resource_name_dns_a_record_on_launch": false,
            "enable_resource_name_dns_aaaa_record_on_launch": false,
            "id": "subnet-04a7ef1f6bbd78bdc",
            "ipv6_cidr_block": "",
            "ipv6_cidr_block_association_id": "",
            "ipv6_native": false,
            "map_customer_owned_ip_on_launch": false,
            "map_public_ip_on_launch": false,
            "outpost_arn": "",
            "owner_id": "107258763926",
            "private_dns_hostname_type_on_launch": "ip-name",
            "region": "ap-southeast-2",
            "tags": {
              "Name": "VaultAWS-Private-1",
              "Project": "VaultAWS",
              "Tier": "private"
            },
            "tags_all": {
              "Name": "VaultAWS-Private-1",
              "Project": "VaultAWS",
              "Tier": "private"
            },
            "timeouts": null,
            "vpc_id": "vpc-04349f17b3e4bd070"
          },
          "sensitive_attributes": [],
          "identity_schema_version": 0,
          "identity": {
            "account_id": "107258763926",
            "id": "subnet-04a7ef1f6bbd78bdc",
            "region": "ap-southeast-2"
          },
          "private": "eyJlMmJmYjczMC1lY2FhLTExZTYtOGY4OC0zNDM2M2JjN2M0YzAiOnsiY3JlYXRlIjo2MDAwMDAwMDAwMDAsImRlbGV0ZSI6MTIwMDAwMDAwMDAwMH0sInNjaGVtYV92ZXJzaW9uIjoiMSJ9",
          "dependencies": [
            "module.vpc.aws_vpc.main"
          ]
        }
      ]
    },
    {
      "module": "module.vpc",
      "mode": "managed",
      "type": "aws_subnet",
      "name": "public",
      "provider": "module.vpc.provider[\"registry.terraform.io/hashicorp/aws\"]",
      "instances": [
        {
          "index_key": 0,
          "schema_version": 1,
          "attributes": {
            "arn": "arn:aws:ec2:ap-southeast-2:107258763926:subnet/subnet-0fcd5b70366c34424",
            "assign_ipv6_address_on_creation": false,
            "availability_zone": "ap-southeast-2a",
            "availability_zone_id": "apse2-az1",
            "cidr_block": "10.0.1.0/24",
            "customer_owned_ipv4_pool": "",
            "enable_dns64": false,
            "enable_lni_at_device_index": 0,
            "enable_resource_name_dns_a_record_on_launch": false,
            "enable_resource_name_dns_aaaa_record_on_launch": false,
            "id": "subnet-0fcd5b70366c34424",
            "ipv6_cidr_block": "",
            "ipv6_cidr_block_association_id": "",
            "ipv6_native": false,
            "map_customer_owned_ip_on_launch": false,
            "map_public_ip_on_launch": true,
            "outpost_arn": "",
            "owner_id": "107258763926",
            "private_dns_hostname_type_on_launch": "ip-name",
            "region": "ap-southeast-2",
            "tags": {
              "Name": "VaultAWS-Public-0",
              "Project": "VaultAWS",
              "Tier": "public"
            },
            "tags_all": {
              "Name": "VaultAWS-Public-0",
              "Project": "VaultAWS",
              "Tier": "public"
            },
            "timeouts": null,
            "vpc_id": "vpc-04349f17b3e4bd070"
          },
          "sensitive_attributes": [],
          "identity_schema_version": 0,
          "identity": {
            "account_id": "107258763926",
            "id": "subnet-0fcd5b70366c34424",
            "region": "ap-southeast-2"
          },
          "private": "eyJlMmJmYjczMC1lY2FhLTExZTYtOGY4OC0zNDM2M2JjN2M0YzAiOnsiY3JlYXRlIjo2MDAwMDAwMDAwMDAsImRlbGV0ZSI6MTIwMDAwMDAwMDAwMH0sInNjaGVtYV92ZXJzaW9uIjoiMSJ9",
          "dependencies": [
            "module.vpc.aws_vpc.main"
          ]
        },
        {
          "index_key": 1,
          "schema_version": 1,
          "attributes": {
            "arn": "arn:aws:ec2:ap-southeast-2:107258763926:subnet/subnet-015bcb94c9ef3dc39",
            "assign_ipv6_address_on_creation": false,
            "availability_zone": "ap-southeast-2b",
            "availability_zone_id": "apse2-az3",
            "cidr_block": "10.0.2.0/24",
            "customer_owned_ipv4_pool": "",
            "enable_dns64": false,
            "enable_lni_at_device_index": 0,
            "enable_resource_name_dns_a_record_on_launch": false,
            "enable_resource_name_dns_aaaa_record_on_launch": false,
            "id": "subnet-015bcb94c9ef3dc39",
            "ipv6_cidr_block": "",
            "ipv6_cidr_block_association_id": "",
            "ipv6_native": false,
            "map_customer_owned_ip_on_launch": false,
            "map_public_ip_on_launch": true,
            "outpost_arn": "",
            "owner_id": "107258763926",
            "private_dns_hostname_type_on_launch": "ip-name",
            "region": "ap-southeast-2",
            "tags": {
              "Name": "VaultAWS-Public-1",
              "Project": "VaultAWS",
              "Tier": "public"
            },
            "tags_all": {
              "Name": "VaultAWS-Public-1",
              "Project": "VaultAWS",
              "Tier": "public"
            },
            "timeouts": null,
            "vpc_id": "vpc-04349f17b3e4bd070"
          },
          "sensitive_attributes": [],
          "identity_schema_version": 0,
          "identity": {
            "account_id": "107258763926",
            "id": "subnet-015bcb94c9ef3dc39",
            "region": "ap-southeast-2"
          },
          "private": "eyJlMmJmYjczMC1lY2FhLTExZTYtOGY4OC0zNDM2M2JjN2M0YzAiOnsiY3JlYXRlIjo2MDAwMDAwMDAwMDAsImRlbGV0ZSI6MTIwMDAwMDAwMDAwMH0sInNjaGVtYV92ZXJzaW9uIjoiMSJ9",
          "dependencies": [
            "module.vpc.aws_vpc.main"
          ]
        }
      ]
    },
    {
      "module": "module.vpc",
      "mode": "managed",
      "type": "aws_vpc",
      "name": "main",
      "provider": "module.vpc.provider[\"registry.terraform.io/hashicorp/aws\"]",
      "instances": [
        {
          "schema_version": 1,
          "attributes": {
            "arn": "arn:aws:ec2:ap-southeast-2:107258763926:vpc/vpc-04349f17b3e4bd070",
            "assign_generated_ipv6_cidr_block": false,
            "cidr_block": "10.0.0.0/16",
            "default_network_acl_id": "acl-04ba17559f3279f55",
            "default_route_table_id": "rtb-0c907fdff27dd7796",
            "default_security_group_id": "sg-03ac107beb6d26a3f",
            "dhcp_options_id": "dopt-0d864bdf1322cf5a6",
            "enable_dns_hostnames": true,
            "enable_dns_support": true,
            "enable_network_address_usage_metrics": false,
            "id": "vpc-04349f17b3e4bd070",
            "instance_tenancy": "default",
            "ipv4_ipam_pool_id": null,
            "ipv4_netmask_length": null,
            "ipv6_association_id": "",
            "ipv6_cidr_block": "",
            "ipv6_cidr_block_network_border_group": "",
            "ipv6_ipam_pool_id": "",
            "ipv6_netmask_length": 0,
            "main_route_table_id": "rtb-0c907fdff27dd7796",
            "owner_id": "107258763926",
            "region": "ap-southeast-2",
            "tags": {
              "Name": "VaultAWS-VPC",
              "Project": "VaultAWS"
            },
            "tags_all": {
              "Name": "VaultAWS-VPC",
              "Project": "VaultAWS"
            }
          },
          "sensitive_attributes": [],
          "identity_schema_version": 0,
          "identity": {
            "account_id": "107258763926",
            "id": "vpc-04349f17b3e4bd070",
            "region": "ap-southeast-2"
          },
          "private": "eyJzY2hlbWFfdmVyc2lvbiI6IjEifQ=="
        }
      ]
    },
    {
      "module": "module.vpc",
      "mode": "managed",
      "type": "aws_vpc_endpoint",
      "name": "dynamodb",
      "provider": "module.vpc.provider[\"registry.terraform.io/hashicorp/aws\"]",
      "instances": [
        {
          "schema_version": 0,
          "attributes": {
            "arn": "arn:aws:ec2:ap-southeast-2:107258763926:vpc-endpoint/vpce-077b2d3d949282b22",
            "auto_accept": null,
            "cidr_blocks": [
              "52.94.13.0/24",
              "35.71.97.0/25",
              "35.71.97.128/26"
            ],
            "dns_entry": [],
            "dns_options": [
              {
                "dns_record_ip_type": "service-defined",
                "private_dns_only_for_inbound_resolver_endpoint": false,
                "private_dns_preference": "",
                "private_dns_specified_domains": []
              }
            ],
            "id": "vpce-077b2d3d949282b22",
            "ip_address_type": "ipv4",
            "network_interface_ids": [],
            "owner_id": "107258763926",
            "policy": "{\"Statement\":[{\"Action\":\"*\",\"Effect\":\"Allow\",\"Principal\":\"*\",\"Resource\":\"*\"}],\"Version\":\"2008-10-17\"}",
            "prefix_list_id": "pl-62a5400b",
            "private_dns_enabled": false,
            "region": "ap-southeast-2",
            "requester_managed": false,
            "resource_configuration_arn": "",
            "route_table_ids": [
              "rtb-0cd6c66b542a0429c"
            ],
            "security_group_ids": [],
            "service_name": "com.amazonaws.ap-southeast-2.dynamodb",
            "service_network_arn": "",
            "service_region": "ap-southeast-2",
            "state": "available",
            "subnet_configuration": [],
            "subnet_ids": [],
            "tags": {
              "Name": "VaultAWS-VPCE-DynamoDB",
              "Project": "VaultAWS"
            },
            "tags_all": {
              "Name": "VaultAWS-VPCE-DynamoDB",
              "Project": "VaultAWS"
            },
            "timeouts": null,
            "vpc_endpoint_type": "Gateway",
            "vpc_id": "vpc-04349f17b3e4bd070"
          },
          "sensitive_attributes": [],
          "identity_schema_version": 0,
          "identity": {
            "account_id": "107258763926",
            "id": "vpce-077b2d3d949282b22",
            "region": "ap-southeast-2"
          },
          "private": "eyJlMmJmYjczMC1lY2FhLTExZTYtOGY4OC0zNDM2M2JjN2M0YzAiOnsiY3JlYXRlIjo2MDAwMDAwMDAwMDAsImRlbGV0ZSI6NjAwMDAwMDAwMDAwLCJ1cGRhdGUiOjYwMDAwMDAwMDAwMH19",
          "dependencies": [
            "module.vpc.aws_route_table.private",
            "module.vpc.aws_vpc.main"
          ]
        }
      ]
    },
    {
      "module": "module.vpc",
      "mode": "managed",
      "type": "aws_vpc_endpoint",
      "name": "s3",
      "provider": "module.vpc.provider[\"registry.terraform.io/hashicorp/aws\"]",
      "instances": [
        {
          "schema_version": 0,
          "attributes": {
            "arn": "arn:aws:ec2:ap-southeast-2:107258763926:vpc-endpoint/vpce-0086a98faaaea40a2",
            "auto_accept": null,
            "cidr_blocks": [
              "3.5.164.0/22",
              "16.12.74.0/24",
              "3.5.168.0/23",
              "52.95.128.0/21"
            ],
            "dns_entry": [],
            "dns_options": [
              {
                "dns_record_ip_type": "service-defined",
                "private_dns_only_for_inbound_resolver_endpoint": false,
                "private_dns_preference": "",
                "private_dns_specified_domains": []
              }
            ],
            "id": "vpce-0086a98faaaea40a2",
            "ip_address_type": "ipv4",
            "network_interface_ids": [],
            "owner_id": "107258763926",
            "policy": "{\"Statement\":[{\"Action\":\"*\",\"Effect\":\"Allow\",\"Principal\":\"*\",\"Resource\":\"*\"}],\"Version\":\"2008-10-17\"}",
            "prefix_list_id": "pl-6ca54005",
            "private_dns_enabled": false,
            "region": "ap-southeast-2",
            "requester_managed": false,
            "resource_configuration_arn": "",
            "route_table_ids": [
              "rtb-0cd6c66b542a0429c"
            ],
            "security_group_ids": [],
            "service_name": "com.amazonaws.ap-southeast-2.s3",
            "service_network_arn": "",
            "service_region": "ap-southeast-2",
            "state": "available",
            "subnet_configuration": [],
            "subnet_ids": [],
            "tags": {
              "Name": "VaultAWS-VPCE-S3",
              "Project": "VaultAWS"
            },
            "tags_all": {
              "Name": "VaultAWS-VPCE-S3",
              "Project": "VaultAWS"
            },
            "timeouts": null,
            "vpc_endpoint_type": "Gateway",
            "vpc_id": "vpc-04349f17b3e4bd070"
          },
          "sensitive_attributes": [],
          "identity_schema_version": 0,
          "identity": {
            "account_id": "107258763926",
            "id": "vpce-0086a98faaaea40a2",
            "region": "ap-southeast-2"
          },
          "private": "eyJlMmJmYjczMC1lY2FhLTExZTYtOGY4OC0zNDM2M2JjN2M0YzAiOnsiY3JlYXRlIjo2MDAwMDAwMDAwMDAsImRlbGV0ZSI6NjAwMDAwMDAwMDAwLCJ1cGRhdGUiOjYwMDAwMDAwMDAwMH19",
          "dependencies": [
            "module.vpc.aws_route_table.private",
            "module.vpc.aws_vpc.main"
          ]
        }
      ]
    }
  ],
  "check_results": null
}
